// !$*UTF8*$!
{
	archiveVersion = 1;
	classes = {
	};
	objectVersion = 77;
	objects = {

/* Begin PBXBuildFile section */
		026BF138D0C40A252AA265BC /* CloudKit.framework in Frameworks */ = {isa = PBXBuildFile; fileRef = DDDBADE4DEB99E3FDF3FA8E1 /* CloudKit.framework */; };
		046575326421682114D85DCB /* ClippingModelTests.swift in Sources */ = {isa = PBXBuildFile; fileRef = DDEA753EEB49E5A6CFD722D9 /* ClippingModelTests.swift */; };
		08689498DC466E3E15391BE9 /* PrivacyInfo.xcprivacy in Resources */ = {isa = PBXBuildFile; fileRef = 5B97AF7289040AD52E89380D /* PrivacyInfo.xcprivacy */; };
		16498CACA732AE9498044B61 /* CopiedKit in Frameworks */ = {isa = PBXBuildFile; productRef = F7BAF822866372C0A8E61D86 /* CopiedKit */; };
		1ADBD9AE0A2552057FB41CA1 /* IOSContentView.swift in Sources */ = {isa = PBXBuildFile; fileRef = E1E7F9BDEBDC0D938D2DA15B /* IOSContentView.swift */; };
		2424BE107C81564D9544F7D3 /* CopiedKit in Frameworks */ = {isa = PBXBuildFile; productRef = 12BA8D72684F91B1163A3BF6 /* CopiedKit */; };
		24B456A53173354F4798AF53 /* SettingsWindowController.swift in Sources */ = {isa = PBXBuildFile; fileRef = 64F5B9606604EF52355AC247 /* SettingsWindowController.swift */; };
		267C6A37DBD79143104EB0D0 /* AppRestarter.swift in Sources */ = {isa = PBXBuildFile; fileRef = 08F49BBDF97F56680FA79F5B /* AppRestarter.swift */; };
		2C81EDF5BE791A7967BBE4C1 /* Assets.xcassets in Resources */ = {isa = PBXBuildFile; fileRef = 07578CEAA4D43E1F8EF0FEB1 /* Assets.xcassets */; };
		32D4FBF0DED5CB809EC0BC7B /* CopiedClipperExtension.appex in Embed Foundation Extensions */ = {isa = PBXBuildFile; fileRef = 61A09094992D1755F0A87E23 /* CopiedClipperExtension.appex */; settings = {ATTRIBUTES = (CodeSignOnCopy, RemoveHeadersOnCopy, ); }; };
		3604A4E4CF18DBF9C3A6A361 /* RootNavigator.swift in Sources */ = {isa = PBXBuildFile; fileRef = 633BB84540D425E2A3F96281 /* RootNavigator.swift */; };
		385697753C3F1DA87A70ADC3 /* PasteQueueTests.swift in Sources */ = {isa = PBXBuildFile; fileRef = 3A402C52089CDB3C6E28A019 /* PasteQueueTests.swift */; };
		45EBE8DD0EB5C6806E9DCADB /* LicenseEntrySheet.swift in Sources */ = {isa = PBXBuildFile; fileRef = A659EAFC6122DC2D52DE74ED /* LicenseEntrySheet.swift */; };
		47DAD276C2EC5039E09C03AB /* CopiedIOSApp.swift in Sources */ = {isa = PBXBuildFile; fileRef = 46990B73B52D3A00274D3770 /* CopiedIOSApp.swift */; };
		4B2F80AB79B2B2449CC2F3A3 /* SaveClippingSheet.swift in Sources */ = {isa = PBXBuildFile; fileRef = E9ADA0E0AD44F8B8B31355F5 /* SaveClippingSheet.swift */; };
		4E20462F46FAA4B4DC1BAF37 /* ListsScreen.swift in Sources */ = {isa = PBXBuildFile; fileRef = 236B7D8EE54675D2314DC136 /* ListsScreen.swift */; };
		4FA451349386A2EBB6B54D97 /* QATests.swift in Sources */ = {isa = PBXBuildFile; fileRef = 253D7474DF1C1851733BBD77 /* QATests.swift */; };
		5B3A35722BA87BCA1F0984DE /* CopiedKit in Frameworks */ = {isa = PBXBuildFile; productRef = 65F01B69873E194D68E0BDF5 /* CopiedKit */; };
		5B6FFBCAACE8C2FCBB010D06 /* PrivacyInfo.xcprivacy in Resources */ = {isa = PBXBuildFile; fileRef = 83A903B7F63DBF1CD891CB44 /* PrivacyInfo.xcprivacy */; };
		633B1A5F62F48594C2B847FE /* CloudKit.framework in Frameworks */ = {isa = PBXBuildFile; fileRef = DDDBADE4DEB99E3FDF3FA8E1 /* CloudKit.framework */; };
		6A0129B57D1D871B1AA5089C /* SyncScreen.swift in Sources */ = {isa = PBXBuildFile; fileRef = C1DBD092BADC5A5DB49DD558 /* SyncScreen.swift */; };
		6D0CE241A0BD4D6130F207B9 /* PopoverClippingCard.swift in Sources */ = {isa = PBXBuildFile; fileRef = 6B039D4406990AB5444E169A /* PopoverClippingCard.swift */; };
		6F5FBDADECD0B882EBB0DB43 /* ClipboardServiceTests.swift in Sources */ = {isa = PBXBuildFile; fileRef = 29FB00701E2C6E430ACC0939 /* ClipboardServiceTests.swift */; };
		724F5BAC96D1EE37B5585B5E /* PermissionManager.swift in Sources */ = {isa = PBXBuildFile; fileRef = D68365944B55FF8FB14382D5 /* PermissionManager.swift */; };
		7736F7876559BB4CFD34ED3B /* ClippingActionSheet.swift in Sources */ = {isa = PBXBuildFile; fileRef = 8F155ABC08FE1F7ED24D6588 /* ClippingActionSheet.swift */; };
		7E42D6444766F93DCB289829 /* CopiedKit in Frameworks */ = {isa = PBXBuildFile; productRef = ACD2861424F723D5D609AB4D /* CopiedKit */; };
		8A19023873943BB97C5EAC15 /* ClipListTests.swift in Sources */ = {isa = PBXBuildFile; fileRef = D511C12F7A91C1F037BE1262 /* ClipListTests.swift */; };
		8A8AC5000C43193E11BE3585 /* CopiedMacApp.swift in Sources */ = {isa = PBXBuildFile; fileRef = 96955B40B8A89EE3BE51259A /* CopiedMacApp.swift */; };
		8D03DD120B7D7E5D83463DD3 /* GlobalHotkeyManager.swift in Sources */ = {isa = PBXBuildFile; fileRef = 5825C0934C4BE696B5BD635F /* GlobalHotkeyManager.swift */; };
		8D5BA0582EC815FB16EAF6C6 /* ClippingDetailScreen.swift in Sources */ = {isa = PBXBuildFile; fileRef = CDC91A24F21D48FB8273EE8A /* ClippingDetailScreen.swift */; };
		8E571072F83C8735F75B5479 /* ClippingEditSheet.swift in Sources */ = {isa = PBXBuildFile; fileRef = 8EBD72DBC570F086DD209130 /* ClippingEditSheet.swift */; };
		975D5A9E7F803B06B2C95202 /* ClippingEditSheet.swift in Sources */ = {isa = PBXBuildFile; fileRef = A4AB9106A2F0E591B6F8D29F /* ClippingEditSheet.swift */; };
		979E1F22BA6D8BF0A429A471 /* MainWindowView.swift in Sources */ = {isa = PBXBuildFile; fileRef = C446B8F58834A31AD60297C5 /* MainWindowView.swift */; };
		99194222245B9CF216763D72 /* MergeScriptsSettingsView.swift in Sources */ = {isa = PBXBuildFile; fileRef = 932048D8F4B76A9FF57B900C /* MergeScriptsSettingsView.swift */; };
		99D257C091A25BDFB786E17E /* GeneralSettingsView.swift in Sources */ = {isa = PBXBuildFile; fileRef = A6422FAB86659079D9EC2727 /* GeneralSettingsView.swift */; };
		9A480A83DA21D9DE69F277D5 /* CopiedKit in Frameworks */ = {isa = PBXBuildFile; productRef = C8685AAFE499AE75FFFF857C /* CopiedKit */; };
		9ECA08EDDEB19AA56187D51C /* SiriShortcutsSettingsView.swift in Sources */ = {isa = PBXBuildFile; fileRef = 6CFDBF3C81AD319943D40A66 /* SiriShortcutsSettingsView.swift */; };
		9F0237E941A9D8C9E0837B71 /* DesignTokens.swift in Sources */ = {isa = PBXBuildFile; fileRef = 177577A5DA3E115A8224EF87 /* DesignTokens.swift */; };
		A7251E200F17B40E044FB2B0 /* ClippingSortOrder.swift in Sources */ = {isa = PBXBuildFile; fileRef = 19AD031F35C5A7AA963F23D5 /* ClippingSortOrder.swift */; };
		AB558506E7EC4C436432A156 /* CopiedShareExtension.appex in Embed Foundation Extensions */ = {isa = PBXBuildFile; fileRef = 54AADEB8CAEF40571BADD6EB /* CopiedShareExtension.appex */; settings = {ATTRIBUTES = (CodeSignOnCopy, RemoveHeadersOnCopy, ); }; };
		BAB1D9AC6E706CCCB9DD3456 /* ClippingsListScreen.swift in Sources */ = {isa = PBXBuildFile; fileRef = 8E2FAEBD6420F33C29FEF639 /* ClippingsListScreen.swift */; };
		BBA352556BE9A969BD1DFF6D /* Assets.xcassets in Resources */ = {isa = PBXBuildFile; fileRef = BDCB5C4650FAAE414B4E2D3F /* Assets.xcassets */; };
		BBACAFF88EF2EF058D96CBF7 /* PopoverView.swift in Sources */ = {isa = PBXBuildFile; fileRef = D4A621629EB1423A7F5305E1 /* PopoverView.swift */; };
		C17EA098895F9894B07B80A7 /* InterfaceSettingsView.swift in Sources */ = {isa = PBXBuildFile; fileRef = B5A4114F0D078DA4FF7B6D6E /* InterfaceSettingsView.swift */; };
		C28D31C08B3BFDBD26E59062 /* PrivacyInfo.xcprivacy in Resources */ = {isa = PBXBuildFile; fileRef = 2FBDD82222D737FEE0F7BF19 /* PrivacyInfo.xcprivacy */; };
		C692415D1F0772167C9B1932 /* RulesSettingsView.swift in Sources */ = {isa = PBXBuildFile; fileRef = 0E6F34BD526DA88B2B1DC503 /* RulesSettingsView.swift */; };
		CA3E412595269BBC26BA83D8 /* ShareViewController.swift in Sources */ = {isa = PBXBuildFile; fileRef = E7AB64045D6A6D4D97A446C0 /* ShareViewController.swift */; };
		CB01813FB853F5BBB9FFD0D8 /* ClipperPreprocess.js in Resources */ = {isa = PBXBuildFile; fileRef = 91AA07497DF33BF48D307F31 /* ClipperPreprocess.js */; };
		D1185723474BD2535965819E /* SettingsSheet.swift in Sources */ = {isa = PBXBuildFile; fileRef = BE2E27F191AFBB92C5CD30E2 /* SettingsSheet.swift */; };
		D627B7F3A8BDC97E9008F6EE /* TextFormattersSettingsView.swift in Sources */ = {isa = PBXBuildFile; fileRef = A82213C00ABECE06AEF5974E /* TextFormattersSettingsView.swift */; };
		D8EB6881A2C104748CC89F15 /* AppIcon.icns in Resources */ = {isa = PBXBuildFile; fileRef = 0F16D2F561BC01AE2ED9E5CB /* AppIcon.icns */; };
		DB6B066B32FB31C7303889C7 /* Assets.xcassets in Resources */ = {isa = PBXBuildFile; fileRef = D76CBB77DB5A5E7B079F71A7 /* Assets.xcassets */; };
		DFD6BE1E71C872610E6D38D3 /* UniformTypeIdentifiers.framework in Frameworks */ = {isa = PBXBuildFile; fileRef = A45E61C459AE9606303437C5 /* UniformTypeIdentifiers.framework */; };
		E0D9256012865D83AE6F87BA /* Assets.xcassets in Resources */ = {isa = PBXBuildFile; fileRef = 2977CA0AC8339871C8329B52 /* Assets.xcassets */; };
		E2F5BEF8FDE389B570B84C6A /* SettingsView.swift in Sources */ = {isa = PBXBuildFile; fileRef = 4305BE3E48CCEE9D099C9D1C /* SettingsView.swift */; };
		E58A6FF4B013F760EAC23557 /* ClipperActionViewController.swift in Sources */ = {isa = PBXBuildFile; fileRef = B0BCED9C4D9AA3FB500882EB /* ClipperActionViewController.swift */; };
		EC8A08995C96DD426DE53349 /* ClippingShareSheet.swift in Sources */ = {isa = PBXBuildFile; fileRef = 949334C5CCFB84FEE40A96D7 /* ClippingShareSheet.swift */; };
		EF36C3DBC239D51CEFEBA5D4 /* ClipboardScreen.swift in Sources */ = {isa = PBXBuildFile; fileRef = F78E009C3BCB9704E4BDE568 /* ClipboardScreen.swift */; };
		F7B50FECD3043234F8C9618A /* UniformTypeIdentifiers.framework in Frameworks */ = {isa = PBXBuildFile; fileRef = A45E61C459AE9606303437C5 /* UniformTypeIdentifiers.framework */; };
		FD085A1EEBC50C44CCB924AD /* CopiedAppShortcuts.swift in Sources */ = {isa = PBXBuildFile; fileRef = 000F74DFFD806DA96C1C47B7 /* CopiedAppShortcuts.swift */; };
/* End PBXBuildFile section */

/* Begin PBXContainerItemProxy section */
		09B8D19F5890433ABC6F106D /* PBXContainerItemProxy */ = {
			isa = PBXContainerItemProxy;
			containerPortal = 7C10DC7FAC57C33860C4B846 /* Project object */;
			proxyType = 1;
			remoteGlobalIDString = 520AD34CEF71A26CAEC95AC1;
			remoteInfo = CopiedShareExtension;
		};
		C4E497F69AE4023F61CC079B /* PBXContainerItemProxy */ = {
			isa = PBXContainerItemProxy;
			containerPortal = 7C10DC7FAC57C33860C4B846 /* Project object */;
			proxyType = 1;
			remoteGlobalIDString = 246B4BCC68C76E0FB02B4FCC;
			remoteInfo = CopiedClipperExtension;
		};
		CF36863D5FD19CC7E69F4303 /* PBXContainerItemProxy */ = {
			isa = PBXContainerItemProxy;
			containerPortal = 7C10DC7FAC57C33860C4B846 /* Project object */;
			proxyType = 1;
			remoteGlobalIDString = 67CF2DC485C5993966B494D7;
			remoteInfo = CopiedMac;
		};
/* End PBXContainerItemProxy section */

/* Begin PBXCopyFilesBuildPhase section */
		F2395579A87E8DD0C6BE325C /* Embed Foundation Extensions */ = {
			isa = PBXCopyFilesBuildPhase;
			buildActionMask = 2147483647;
			dstPath = "";
			dstSubfolderSpec = 13;
			files = (
				AB558506E7EC4C436432A156 /* CopiedShareExtension.appex in Embed Foundation Extensions */,
				32D4FBF0DED5CB809EC0BC7B /* CopiedClipperExtension.appex in Embed Foundation Extensions */,
			);
			name = "Embed Foundation Extensions";
			runOnlyForDeploymentPostprocessing = 0;
		};
/* End PBXCopyFilesBuildPhase section */

/* Begin PBXFileReference section */
		000F74DFFD806DA96C1C47B7 /* CopiedAppShortcuts.swift */ = {isa = PBXFileReference; lastKnownFileType = sourcecode.swift; path = CopiedAppShortcuts.swift; sourceTree = "<group>"; };
		04B7B5A54294A32350765CDE /* CopiedIOS.entitlements */ = {isa = PBXFileReference; lastKnownFileType = text.plist.entitlements; path = CopiedIOS.entitlements; sourceTree = "<group>"; };
		07578CEAA4D43E1F8EF0FEB1 /* Assets.xcassets */ = {isa = PBXFileReference; lastKnownFileType = folder.assetcatalog; path = Assets.xcassets; sourceTree = "<group>"; };
		08F49BBDF97F56680FA79F5B /* AppRestarter.swift */ = {isa = PBXFileReference; lastKnownFileType = sourcecode.swift; path = AppRestarter.swift; sourceTree = "<group>"; };
		0DC10E8877F0AF5A1FEB431F /* Info.plist */ = {isa = PBXFileReference; lastKnownFileType = text.plist; path = Info.plist; sourceTree = "<group>"; };
		0E6F34BD526DA88B2B1DC503 /* RulesSettingsView.swift */ = {isa = PBXFileReference; lastKnownFileType = sourcecode.swift; path = RulesSettingsView.swift; sourceTree = "<group>"; };
		0F16D2F561BC01AE2ED9E5CB /* AppIcon.icns */ = {isa = PBXFileReference; lastKnownFileType = image.icns; path = AppIcon.icns; sourceTree = "<group>"; };
		177577A5DA3E115A8224EF87 /* DesignTokens.swift */ = {isa = PBXFileReference; lastKnownFileType = sourcecode.swift; path = DesignTokens.swift; sourceTree = "<group>"; };
		19AD031F35C5A7AA963F23D5 /* ClippingSortOrder.swift */ = {isa = PBXFileReference; lastKnownFileType = sourcecode.swift; path = ClippingSortOrder.swift; sourceTree = "<group>"; };
		236B7D8EE54675D2314DC136 /* ListsScreen.swift */ = {isa = PBXFileReference; lastKnownFileType = sourcecode.swift; path = ListsScreen.swift; sourceTree = "<group>"; };
		253D7474DF1C1851733BBD77 /* QATests.swift */ = {isa = PBXFileReference; lastKnownFileType = sourcecode.swift; path = QATests.swift; sourceTree = "<group>"; };
		294BCC0938D4BD6227DD3159 /* CopiedIOS.app */ = {isa = PBXFileReference; includeInIndex = 0; lastKnownFileType = wrapper.application; path = CopiedIOS.app; sourceTree = BUILT_PRODUCTS_DIR; };
		2977CA0AC8339871C8329B52 /* Assets.xcassets */ = {isa = PBXFileReference; lastKnownFileType = folder.assetcatalog; path = Assets.xcassets; sourceTree = "<group>"; };
		29FB00701E2C6E430ACC0939 /* ClipboardServiceTests.swift */ = {isa = PBXFileReference; lastKnownFileType = sourcecode.swift; path = ClipboardServiceTests.swift; sourceTree = "<group>"; };
		2CE2F42CF5A98ABAE5D2E11E /* CopiedKit */ = {isa = PBXFileReference; lastKnownFileType = folder; name = CopiedKit; path = CopiedKit; sourceTree = SOURCE_ROOT; };
		2FBDD82222D737FEE0F7BF19 /* PrivacyInfo.xcprivacy */ = {isa = PBXFileReference; path = PrivacyInfo.xcprivacy; sourceTree = "<group>"; };
		3A402C52089CDB3C6E28A019 /* PasteQueueTests.swift */ = {isa = PBXFileReference; lastKnownFileType = sourcecode.swift; path = PasteQueueTests.swift; sourceTree = "<group>"; };
		3EF43CB043C2D52CBB11AEC0 /* CopiedMac-MAS.entitlements */ = {isa = PBXFileReference; lastKnownFileType = text.plist.entitlements; path = "CopiedMac-MAS.entitlements"; sourceTree = "<group>"; };
		4305BE3E48CCEE9D099C9D1C /* SettingsView.swift */ = {isa = PBXFileReference; lastKnownFileType = sourcecode.swift; path = SettingsView.swift; sourceTree = "<group>"; };
		46990B73B52D3A00274D3770 /* CopiedIOSApp.swift */ = {isa = PBXFileReference; lastKnownFileType = sourcecode.swift; path = CopiedIOSApp.swift; sourceTree = "<group>"; };
		52AB50F7343FD5C56B2E5173 /* Info.plist */ = {isa = PBXFileReference; lastKnownFileType = text.plist; path = Info.plist; sourceTree = "<group>"; };
		54AADEB8CAEF40571BADD6EB /* CopiedShareExtension.appex */ = {isa = PBXFileReference; includeInIndex = 0; lastKnownFileType = "wrapper.app-extension"; path = CopiedShareExtension.appex; sourceTree = BUILT_PRODUCTS_DIR; };
		5825C0934C4BE696B5BD635F /* GlobalHotkeyManager.swift */ = {isa = PBXFileReference; lastKnownFileType = sourcecode.swift; path = GlobalHotkeyManager.swift; sourceTree = "<group>"; };
		5B97AF7289040AD52E89380D /* PrivacyInfo.xcprivacy */ = {isa = PBXFileReference; path = PrivacyInfo.xcprivacy; sourceTree = "<group>"; };
		61A09094992D1755F0A87E23 /* CopiedClipperExtension.appex */ = {isa = PBXFileReference; includeInIndex = 0; lastKnownFileType = "wrapper.app-extension"; path = CopiedClipperExtension.appex; sourceTree = BUILT_PRODUCTS_DIR; };
		633BB84540D425E2A3F96281 /* RootNavigator.swift */ = {isa = PBXFileReference; lastKnownFileType = sourcecode.swift; path = RootNavigator.swift; sourceTree = "<group>"; };
		64F5B9606604EF52355AC247 /* SettingsWindowController.swift */ = {isa = PBXFileReference; lastKnownFileType = sourcecode.swift; path = SettingsWindowController.swift; sourceTree = "<group>"; };
		6B039D4406990AB5444E169A /* PopoverClippingCard.swift */ = {isa = PBXFileReference; lastKnownFileType = sourcecode.swift; path = PopoverClippingCard.swift; sourceTree = "<group>"; };
		6CFDBF3C81AD319943D40A66 /* SiriShortcutsSettingsView.swift */ = {isa = PBXFileReference; lastKnownFileType = sourcecode.swift; path = SiriShortcutsSettingsView.swift; sourceTree = "<group>"; };
		83A903B7F63DBF1CD891CB44 /* PrivacyInfo.xcprivacy */ = {isa = PBXFileReference; path = PrivacyInfo.xcprivacy; sourceTree = "<group>"; };
		8D957E3D5D9C555F80DF2243 /* Info.plist */ = {isa = PBXFileReference; lastKnownFileType = text.plist; path = Info.plist; sourceTree = "<group>"; };
		8E2FAEBD6420F33C29FEF639 /* ClippingsListScreen.swift */ = {isa = PBXFileReference; lastKnownFileType = sourcecode.swift; path = ClippingsListScreen.swift; sourceTree = "<group>"; };
		8EBD72DBC570F086DD209130 /* ClippingEditSheet.swift */ = {isa = PBXFileReference; lastKnownFileType = sourcecode.swift; path = ClippingEditSheet.swift; sourceTree = "<group>"; };
		8F155ABC08FE1F7ED24D6588 /* ClippingActionSheet.swift */ = {isa = PBXFileReference; lastKnownFileType = sourcecode.swift; path = ClippingActionSheet.swift; sourceTree = "<group>"; };
		91AA07497DF33BF48D307F31 /* ClipperPreprocess.js */ = {isa = PBXFileReference; lastKnownFileType = sourcecode.javascript; path = ClipperPreprocess.js; sourceTree = "<group>"; };
		932048D8F4B76A9FF57B900C /* MergeScriptsSettingsView.swift */ = {isa = PBXFileReference; lastKnownFileType = sourcecode.swift; path = MergeScriptsSettingsView.swift; sourceTree = "<group>"; };
		949334C5CCFB84FEE40A96D7 /* ClippingShareSheet.swift */ = {isa = PBXFileReference; lastKnownFileType = sourcecode.swift; path = ClippingShareSheet.swift; sourceTree = "<group>"; };
		96955B40B8A89EE3BE51259A /* CopiedMacApp.swift */ = {isa = PBXFileReference; lastKnownFileType = sourcecode.swift; path = CopiedMacApp.swift; sourceTree = "<group>"; };
		A45E61C459AE9606303437C5 /* UniformTypeIdentifiers.framework */ = {isa = PBXFileReference; lastKnownFileType = wrapper.framework; name = UniformTypeIdentifiers.framework; path = System/Library/Frameworks/UniformTypeIdentifiers.framework; sourceTree = SDKROOT; };
		A4AB9106A2F0E591B6F8D29F /* ClippingEditSheet.swift */ = {isa = PBXFileReference; lastKnownFileType = sourcecode.swift; path = ClippingEditSheet.swift; sourceTree = "<group>"; };
		A6422FAB86659079D9EC2727 /* GeneralSettingsView.swift */ = {isa = PBXFileReference; lastKnownFileType = sourcecode.swift; path = GeneralSettingsView.swift; sourceTree = "<group>"; };
		A659EAFC6122DC2D52DE74ED /* LicenseEntrySheet.swift */ = {isa = PBXFileReference; lastKnownFileType = sourcecode.swift; path = LicenseEntrySheet.swift; sourceTree = "<group>"; };
		A82213C00ABECE06AEF5974E /* TextFormattersSettingsView.swift */ = {isa = PBXFileReference; lastKnownFileType = sourcecode.swift; path = TextFormattersSettingsView.swift; sourceTree = "<group>"; };
		B0BCED9C4D9AA3FB500882EB /* ClipperActionViewController.swift */ = {isa = PBXFileReference; lastKnownFileType = sourcecode.swift; path = ClipperActionViewController.swift; sourceTree = "<group>"; };
		B5A4114F0D078DA4FF7B6D6E /* InterfaceSettingsView.swift */ = {isa = PBXFileReference; lastKnownFileType = sourcecode.swift; path = InterfaceSettingsView.swift; sourceTree = "<group>"; };
		BDCB5C4650FAAE414B4E2D3F /* Assets.xcassets */ = {isa = PBXFileReference; lastKnownFileType = folder.assetcatalog; path = Assets.xcassets; sourceTree = "<group>"; };
		BE2E27F191AFBB92C5CD30E2 /* SettingsSheet.swift */ = {isa = PBXFileReference; lastKnownFileType = sourcecode.swift; path = SettingsSheet.swift; sourceTree = "<group>"; };
		BF5FBEDA4C0FE0BF0E077A0E /* CopiedKitTests.xctest */ = {isa = PBXFileReference; explicitFileType = wrapper.cfbundle; includeInIndex = 0; path = CopiedKitTests.xctest; sourceTree = BUILT_PRODUCTS_DIR; };
		C1DBD092BADC5A5DB49DD558 /* SyncScreen.swift */ = {isa = PBXFileReference; lastKnownFileType = sourcecode.swift; path = SyncScreen.swift; sourceTree = "<group>"; };
		C446B8F58834A31AD60297C5 /* MainWindowView.swift */ = {isa = PBXFileReference; lastKnownFileType = sourcecode.swift; path = MainWindowView.swift; sourceTree = "<group>"; };
		CDC91A24F21D48FB8273EE8A /* ClippingDetailScreen.swift */ = {isa = PBXFileReference; lastKnownFileType = sourcecode.swift; path = ClippingDetailScreen.swift; sourceTree = "<group>"; };
		D17032FD08079FBAA78A95E5 /* Info.plist */ = {isa = PBXFileReference; lastKnownFileType = text.plist; path = Info.plist; sourceTree = "<group>"; };
		D4A621629EB1423A7F5305E1 /* PopoverView.swift */ = {isa = PBXFileReference; lastKnownFileType = sourcecode.swift; path = PopoverView.swift; sourceTree = "<group>"; };
		D511C12F7A91C1F037BE1262 /* ClipListTests.swift */ = {isa = PBXFileReference; lastKnownFileType = sourcecode.swift; path = ClipListTests.swift; sourceTree = "<group>"; };
		D68365944B55FF8FB14382D5 /* PermissionManager.swift */ = {isa = PBXFileReference; lastKnownFileType = sourcecode.swift; path = PermissionManager.swift; sourceTree = "<group>"; };
		D76CBB77DB5A5E7B079F71A7 /* Assets.xcassets */ = {isa = PBXFileReference; lastKnownFileType = folder.assetcatalog; path = Assets.xcassets; sourceTree = "<group>"; };
		DDDBADE4DEB99E3FDF3FA8E1 /* CloudKit.framework */ = {isa = PBXFileReference; lastKnownFileType = wrapper.framework; name = CloudKit.framework; path = System/Library/Frameworks/CloudKit.framework; sourceTree = SDKROOT; };
		DDEA753EEB49E5A6CFD722D9 /* ClippingModelTests.swift */ = {isa = PBXFileReference; lastKnownFileType = sourcecode.swift; path = ClippingModelTests.swift; sourceTree = "<group>"; };
		E1E7F9BDEBDC0D938D2DA15B /* IOSContentView.swift */ = {isa = PBXFileReference; lastKnownFileType = sourcecode.swift; path = IOSContentView.swift; sourceTree = "<group>"; };
		E3089CEC9050F2C3B8B925FD /* CopiedShareExtension.entitlements */ = {isa = PBXFileReference; lastKnownFileType = text.plist.entitlements; path = CopiedShareExtension.entitlements; sourceTree = "<group>"; };
		E7AB64045D6A6D4D97A446C0 /* ShareViewController.swift */ = {isa = PBXFileReference; lastKnownFileType = sourcecode.swift; path = ShareViewController.swift; sourceTree = "<group>"; };
		E9ADA0E0AD44F8B8B31355F5 /* SaveClippingSheet.swift */ = {isa = PBXFileReference; lastKnownFileType = sourcecode.swift; path = SaveClippingSheet.swift; sourceTree = "<group>"; };
		F0A0703C9592958941B00289 /* CopiedMac.entitlements */ = {isa = PBXFileReference; lastKnownFileType = text.plist.entitlements; path = CopiedMac.entitlements; sourceTree = "<group>"; };
		F78E009C3BCB9704E4BDE568 /* ClipboardScreen.swift */ = {isa = PBXFileReference; lastKnownFileType = sourcecode.swift; path = ClipboardScreen.swift; sourceTree = "<group>"; };
		FCA7831A76D46DF3744FCD06 /* CopiedMac.app */ = {isa = PBXFileReference; explicitFileType = wrapper.application; includeInIndex = 0; path = CopiedMac.app; sourceTree = BUILT_PRODUCTS_DIR; };
		FFF5FCD812F6BF8CAA751F12 /* CopiedClipperExtension.entitlements */ = {isa = PBXFileReference; lastKnownFileType = text.plist.entitlements; path = CopiedClipperExtension.entitlements; sourceTree = "<group>"; };
/* End PBXFileReference section */

/* Begin PBXFrameworksBuildPhase section */
		1EB95514C3F5DDC70B66B35E /* Frameworks */ = {
			isa = PBXFrameworksBuildPhase;
			buildActionMask = 2147483647;
			files = (
				16498CACA732AE9498044B61 /* CopiedKit in Frameworks */,
			);
			runOnlyForDeploymentPostprocessing = 0;
		};
		2501E4C136EACD7D4E0D9A49 /* Frameworks */ = {
			isa = PBXFrameworksBuildPhase;
			buildActionMask = 2147483647;
			files = (
				9A480A83DA21D9DE69F277D5 /* CopiedKit in Frameworks */,
				633B1A5F62F48594C2B847FE /* CloudKit.framework in Frameworks */,
			);
			runOnlyForDeploymentPostprocessing = 0;
		};
		7615C1B8C9DEF9BD4C280B9B /* Frameworks */ = {
			isa = PBXFrameworksBuildPhase;
			buildActionMask = 2147483647;
			files = (
				2424BE107C81564D9544F7D3 /* CopiedKit in Frameworks */,
				026BF138D0C40A252AA265BC /* CloudKit.framework in Frameworks */,
			);
			runOnlyForDeploymentPostprocessing = 0;
		};
		AB21C3E57EBBCDC1770F7CB0 /* Frameworks */ = {
			isa = PBXFrameworksBuildPhase;
			buildActionMask = 2147483647;
			files = (
				5B3A35722BA87BCA1F0984DE /* CopiedKit in Frameworks */,
				F7B50FECD3043234F8C9618A /* UniformTypeIdentifiers.framework in Frameworks */,
			);
			runOnlyForDeploymentPostprocessing = 0;
		};
		AD9C868D4A4AE4721408D1C9 /* Frameworks */ = {
			isa = PBXFrameworksBuildPhase;
			buildActionMask = 2147483647;
			files = (
				7E42D6444766F93DCB289829 /* CopiedKit in Frameworks */,
				DFD6BE1E71C872610E6D38D3 /* UniformTypeIdentifiers.framework in Frameworks */,
			);
			runOnlyForDeploymentPostprocessing = 0;
		};
/* End PBXFrameworksBuildPhase section */

/* Begin PBXGroup section */
		2D7D3266038570779ECE6C70 /* App */ = {
			isa = PBXGroup;
			children = (
				08F49BBDF97F56680FA79F5B /* AppRestarter.swift */,
				96955B40B8A89EE3BE51259A /* CopiedMacApp.swift */,
				5825C0934C4BE696B5BD635F /* GlobalHotkeyManager.swift */,
				D68365944B55FF8FB14382D5 /* PermissionManager.swift */,
				64F5B9606604EF52355AC247 /* SettingsWindowController.swift */,
			);
			path = App;
			sourceTree = "<group>";
		};
		45D65E775D169A9E6E5E6023 /* Views */ = {
			isa = PBXGroup;
			children = (
				8EBD72DBC570F086DD209130 /* ClippingEditSheet.swift */,
				4305BE3E48CCEE9D099C9D1C /* SettingsView.swift */,
			);
			path = Views;
			sourceTree = "<group>";
		};
		5631CB527AD0A3489E471AE7 /* MenuBar */ = {
			isa = PBXGroup;
			children = (
				6B039D4406990AB5444E169A /* PopoverClippingCard.swift */,
				D4A621629EB1423A7F5305E1 /* PopoverView.swift */,
			);
			path = MenuBar;
			sourceTree = "<group>";
		};
		5FB9655280081611B28A10F0 /* CopiedShareExtension */ = {
			isa = PBXGroup;
			children = (
				BDCB5C4650FAAE414B4E2D3F /* Assets.xcassets */,
				E3089CEC9050F2C3B8B925FD /* CopiedShareExtension.entitlements */,
				8D957E3D5D9C555F80DF2243 /* Info.plist */,
				83A903B7F63DBF1CD891CB44 /* PrivacyInfo.xcprivacy */,
				E7AB64045D6A6D4D97A446C0 /* ShareViewController.swift */,
			);
			path = CopiedShareExtension;
			sourceTree = "<group>";
		};
		6685C3FE4F8F79B248F5D13C /* Windows */ = {
			isa = PBXGroup;
			children = (
				C446B8F58834A31AD60297C5 /* MainWindowView.swift */,
			);
			path = Windows;
			sourceTree = "<group>";
		};
		9E4104E390A34F56C3486F2D /* CopiedIOS */ = {
			isa = PBXGroup;
			children = (
				D8B7B5B51BFD4989D651474E /* App */,
				F5AC6DF8D5B2B9B9602FA54F /* AppIntents */,
				BE6EF77304491F7E7A307ACB /* Views */,
				D76CBB77DB5A5E7B079F71A7 /* Assets.xcassets */,
				04B7B5A54294A32350765CDE /* CopiedIOS.entitlements */,
				D17032FD08079FBAA78A95E5 /* Info.plist */,
				5B97AF7289040AD52E89380D /* PrivacyInfo.xcprivacy */,
			);
			path = CopiedIOS;
			sourceTree = "<group>";
		};
		A9CC05F3ABCA3F9BF0BA556B /* Purchases */ = {
			isa = PBXGroup;
			children = (
			);
			path = Purchases;
			sourceTree = "<group>";
		};
		B73F45AAD557684E20D9547C /* CopiedClipperExtension */ = {
			isa = PBXGroup;
			children = (
				07578CEAA4D43E1F8EF0FEB1 /* Assets.xcassets */,
				B0BCED9C4D9AA3FB500882EB /* ClipperActionViewController.swift */,
				91AA07497DF33BF48D307F31 /* ClipperPreprocess.js */,
				FFF5FCD812F6BF8CAA751F12 /* CopiedClipperExtension.entitlements */,
				52AB50F7343FD5C56B2E5173 /* Info.plist */,
				2FBDD82222D737FEE0F7BF19 /* PrivacyInfo.xcprivacy */,
			);
			path = CopiedClipperExtension;
			sourceTree = "<group>";
		};
		BE6EF77304491F7E7A307ACB /* Views */ = {
			isa = PBXGroup;
			children = (
				F78E009C3BCB9704E4BDE568 /* ClipboardScreen.swift */,
				8F155ABC08FE1F7ED24D6588 /* ClippingActionSheet.swift */,
				CDC91A24F21D48FB8273EE8A /* ClippingDetailScreen.swift */,
				A4AB9106A2F0E591B6F8D29F /* ClippingEditSheet.swift */,
				949334C5CCFB84FEE40A96D7 /* ClippingShareSheet.swift */,
				8E2FAEBD6420F33C29FEF639 /* ClippingsListScreen.swift */,
				19AD031F35C5A7AA963F23D5 /* ClippingSortOrder.swift */,
				177577A5DA3E115A8224EF87 /* DesignTokens.swift */,
				A6422FAB86659079D9EC2727 /* GeneralSettingsView.swift */,
				B5A4114F0D078DA4FF7B6D6E /* InterfaceSettingsView.swift */,
				E1E7F9BDEBDC0D938D2DA15B /* IOSContentView.swift */,
				A659EAFC6122DC2D52DE74ED /* LicenseEntrySheet.swift */,
				236B7D8EE54675D2314DC136 /* ListsScreen.swift */,
				932048D8F4B76A9FF57B900C /* MergeScriptsSettingsView.swift */,
				633BB84540D425E2A3F96281 /* RootNavigator.swift */,
				0E6F34BD526DA88B2B1DC503 /* RulesSettingsView.swift */,
				E9ADA0E0AD44F8B8B31355F5 /* SaveClippingSheet.swift */,
				BE2E27F191AFBB92C5CD30E2 /* SettingsSheet.swift */,
				6CFDBF3C81AD319943D40A66 /* SiriShortcutsSettingsView.swift */,
				C1DBD092BADC5A5DB49DD558 /* SyncScreen.swift */,
				A82213C00ABECE06AEF5974E /* TextFormattersSettingsView.swift */,
			);
			path = Views;
			sourceTree = "<group>";
		};
		BFF98950BC6C0B867EA5B35E /* Packages */ = {
			isa = PBXGroup;
			children = (
				2CE2F42CF5A98ABAE5D2E11E /* CopiedKit */,
			);
			name = Packages;
			sourceTree = "<group>";
		};
		D8B7B5B51BFD4989D651474E /* App */ = {
			isa = PBXGroup;
			children = (
				46990B73B52D3A00274D3770 /* CopiedIOSApp.swift */,
			);
			path = App;
			sourceTree = "<group>";
		};
		DFA70476A5CAC527F1F7F985 /* Frameworks */ = {
			isa = PBXGroup;
			children = (
				DDDBADE4DEB99E3FDF3FA8E1 /* CloudKit.framework */,
				A45E61C459AE9606303437C5 /* UniformTypeIdentifiers.framework */,
			);
			name = Frameworks;
			sourceTree = "<group>";
		};
		E8304788DC23CFE54025D17E /* Products */ = {
			isa = PBXGroup;
			children = (
				61A09094992D1755F0A87E23 /* CopiedClipperExtension.appex */,
				294BCC0938D4BD6227DD3159 /* CopiedIOS.app */,
				BF5FBEDA4C0FE0BF0E077A0E /* CopiedKitTests.xctest */,
				FCA7831A76D46DF3744FCD06 /* CopiedMac.app */,
				54AADEB8CAEF40571BADD6EB /* CopiedShareExtension.appex */,
			);
			name = Products;
			sourceTree = "<group>";
		};
		EC0950510151B6A62A563483 /* CopiedKitTests */ = {
			isa = PBXGroup;
			children = (
				29FB00701E2C6E430ACC0939 /* ClipboardServiceTests.swift */,
				D511C12F7A91C1F037BE1262 /* ClipListTests.swift */,
				DDEA753EEB49E5A6CFD722D9 /* ClippingModelTests.swift */,
				3A402C52089CDB3C6E28A019 /* PasteQueueTests.swift */,
				253D7474DF1C1851733BBD77 /* QATests.swift */,
			);
			name = CopiedKitTests;
			path = Tests/CopiedKitTests;
			sourceTree = "<group>";
		};
		ED2FF8F0E59F077212128CFB /* CopiedMac */ = {
			isa = PBXGroup;
			children = (
				2D7D3266038570779ECE6C70 /* App */,
				5631CB527AD0A3489E471AE7 /* MenuBar */,
				A9CC05F3ABCA3F9BF0BA556B /* Purchases */,
				45D65E775D169A9E6E5E6023 /* Views */,
				6685C3FE4F8F79B248F5D13C /* Windows */,
				0F16D2F561BC01AE2ED9E5CB /* AppIcon.icns */,
				2977CA0AC8339871C8329B52 /* Assets.xcassets */,
				3EF43CB043C2D52CBB11AEC0 /* CopiedMac-MAS.entitlements */,
				F0A0703C9592958941B00289 /* CopiedMac.entitlements */,
				0DC10E8877F0AF5A1FEB431F /* Info.plist */,
			);
			path = CopiedMac;
			sourceTree = "<group>";
		};
		F55C9D89A0CC6A66820EDE8C = {
			isa = PBXGroup;
			children = (
				B73F45AAD557684E20D9547C /* CopiedClipperExtension */,
				9E4104E390A34F56C3486F2D /* CopiedIOS */,
				EC0950510151B6A62A563483 /* CopiedKitTests */,
				ED2FF8F0E59F077212128CFB /* CopiedMac */,
				5FB9655280081611B28A10F0 /* CopiedShareExtension */,
				BFF98950BC6C0B867EA5B35E /* Packages */,
				DFA70476A5CAC527F1F7F985 /* Frameworks */,
				E8304788DC23CFE54025D17E /* Products */,
			);
			sourceTree = "<group>";
		};
		F5AC6DF8D5B2B9B9602FA54F /* AppIntents */ = {
			isa = PBXGroup;
			children = (
				000F74DFFD806DA96C1C47B7 /* CopiedAppShortcuts.swift */,
			);
			path = AppIntents;
			sourceTree = "<group>";
		};
/* End PBXGroup section */

/* Begin PBXNativeTarget section */
		246B4BCC68C76E0FB02B4FCC /* CopiedClipperExtension */ = {
			isa = PBXNativeTarget;
			buildConfigurationList = 36656B20482CE0B999A24988 /* Build configuration list for PBXNativeTarget "CopiedClipperExtension" */;
			buildPhases = (
				14B880C4E352A3633C93C0A4 /* Sources */,
				F3C3F1DE11D8411A2226A5FE /* Resources */,
				AD9C868D4A4AE4721408D1C9 /* Frameworks */,
			);
			buildRules = (
			);
			dependencies = (
			);
			name = CopiedClipperExtension;
			packageProductDependencies = (
				ACD2861424F723D5D609AB4D /* CopiedKit */,
			);
			productName = CopiedClipperExtension;
			productReference = 61A09094992D1755F0A87E23 /* CopiedClipperExtension.appex */;
			productType = "com.apple.product-type.app-extension";
		};
		520AD34CEF71A26CAEC95AC1 /* CopiedShareExtension */ = {
			isa = PBXNativeTarget;
			buildConfigurationList = 7F3CC2BEA389891393AB9868 /* Build configuration list for PBXNativeTarget "CopiedShareExtension" */;
			buildPhases = (
				B9FE9277A20A3C1A27E728B9 /* Sources */,
				622A4D25A698BA74F2C66621 /* Resources */,
				AB21C3E57EBBCDC1770F7CB0 /* Frameworks */,
			);
			buildRules = (
			);
			dependencies = (
			);
			name = CopiedShareExtension;
			packageProductDependencies = (
				65F01B69873E194D68E0BDF5 /* CopiedKit */,
			);
			productName = CopiedShareExtension;
			productReference = 54AADEB8CAEF40571BADD6EB /* CopiedShareExtension.appex */;
			productType = "com.apple.product-type.app-extension";
		};
		67CF2DC485C5993966B494D7 /* CopiedMac */ = {
			isa = PBXNativeTarget;
			buildConfigurationList = 6DD18AA0E99AB5B47C1C5588 /* Build configuration list for PBXNativeTarget "CopiedMac" */;
			buildPhases = (
				5272A9CC98B8B1CA195A0DA2 /* Sources */,
				AE02527F23BE46A10219CBA2 /* Resources */,
				2501E4C136EACD7D4E0D9A49 /* Frameworks */,
			);
			buildRules = (
			);
			dependencies = (
			);
			name = CopiedMac;
			packageProductDependencies = (
				C8685AAFE499AE75FFFF857C /* CopiedKit */,
			);
			productName = CopiedMac;
			productReference = FCA7831A76D46DF3744FCD06 /* CopiedMac.app */;
			productType = "com.apple.product-type.application";
		};
		BCFE06295783F2744BA56339 /* CopiedKitTests */ = {
			isa = PBXNativeTarget;
			buildConfigurationList = B031D99369DFD42428FBD434 /* Build configuration list for PBXNativeTarget "CopiedKitTests" */;
			buildPhases = (
				97967876A32D0D9A90D6CB3E /* Sources */,
				1EB95514C3F5DDC70B66B35E /* Frameworks */,
			);
			buildRules = (
			);
			dependencies = (
				B0735B6A8695FB83B8ECC685 /* PBXTargetDependency */,
			);
			name = CopiedKitTests;
			packageProductDependencies = (
				F7BAF822866372C0A8E61D86 /* CopiedKit */,
			);
			productName = CopiedKitTests;
			productReference = BF5FBEDA4C0FE0BF0E077A0E /* CopiedKitTests.xctest */;
			productType = "com.apple.product-type.bundle.unit-test";
		};
		F47662F6E87A5A3AD6388873 /* CopiedIOS */ = {
			isa = PBXNativeTarget;
			buildConfigurationList = 290A668B82DB972483C72D49 /* Build configuration list for PBXNativeTarget "CopiedIOS" */;
			buildPhases = (
				C14B401CD017F999118723A4 /* Sources */,
				72132EEA1B204CFC2C5F85B2 /* Resources */,
				7615C1B8C9DEF9BD4C280B9B /* Frameworks */,
				F2395579A87E8DD0C6BE325C /* Embed Foundation Extensions */,
			);
			buildRules = (
			);
			dependencies = (
				20B42C840C434845A8902E57 /* PBXTargetDependency */,
				C87412E4BBE431A70A57929A /* PBXTargetDependency */,
			);
			name = CopiedIOS;
			packageProductDependencies = (
				12BA8D72684F91B1163A3BF6 /* CopiedKit */,
			);
			productName = CopiedIOS;
			productReference = 294BCC0938D4BD6227DD3159 /* CopiedIOS.app */;
			productType = "com.apple.product-type.application";
		};
/* End PBXNativeTarget section */

/* Begin PBXProject section */
		7C10DC7FAC57C33860C4B846 /* Project object */ = {
			isa = PBXProject;
			attributes = {
				BuildIndependentTargetsInParallel = YES;
				LastUpgradeCheck = 1600;
				TargetAttributes = {
					246B4BCC68C76E0FB02B4FCC = {
						DevelopmentTeam = 7727LYTG96;
						ProvisioningStyle = Automatic;
					};
					520AD34CEF71A26CAEC95AC1 = {
						DevelopmentTeam = 7727LYTG96;
						ProvisioningStyle = Automatic;
					};
					67CF2DC485C5993966B494D7 = {
						DevelopmentTeam = 7727LYTG96;
						ProvisioningStyle = Automatic;
						SystemCapabilities = "[\"com.apple.iCloud\": [\"enabled\": 1], \"com.apple.Push\": [\"enabled\": 1]]";
					};
					BCFE06295783F2744BA56339 = {
						DevelopmentTeam = 7727LYTG96;
						ProvisioningStyle = Automatic;
					};
					F47662F6E87A5A3AD6388873 = {
						DevelopmentTeam = 7727LYTG96;
						ProvisioningStyle = Automatic;
						SystemCapabilities = "[\"com.apple.iCloud\": [\"enabled\": 1], \"com.apple.Push\": [\"enabled\": 1], \"com.apple.ApplicationGroups.iOS\": [\"enabled\": 1]]";
					};
				};
			};
			buildConfigurationList = F9761600A420526D57D095F1 /* Build configuration list for PBXProject "Copied" */;
			developmentRegion = en;
			hasScannedForEncodings = 0;
			knownRegions = (
				Base,
				en,
			);
			mainGroup = F55C9D89A0CC6A66820EDE8C;
			minimizedProjectReferenceProxies = 1;
			packageReferences = (
				97C1CF0CECB6DE55106DCE31 /* XCLocalSwiftPackageReference "CopiedKit" */,
			);
			preferredProjectObjectVersion = 77;
			productRefGroup = E8304788DC23CFE54025D17E /* Products */;
			projectDirPath = "";
			projectRoot = "";
			targets = (
				246B4BCC68C76E0FB02B4FCC /* CopiedClipperExtension */,
				F47662F6E87A5A3AD6388873 /* CopiedIOS */,
				BCFE06295783F2744BA56339 /* CopiedKitTests */,
				67CF2DC485C5993966B494D7 /* CopiedMac */,
				520AD34CEF71A26CAEC95AC1 /* CopiedShareExtension */,
			);
		};
/* End PBXProject section */

/* Begin PBXResourcesBuildPhase section */
		622A4D25A698BA74F2C66621 /* Resources */ = {
			isa = PBXResourcesBuildPhase;
			buildActionMask = 2147483647;
			files = (
				BBA352556BE9A969BD1DFF6D /* Assets.xcassets in Resources */,
				5B6FFBCAACE8C2FCBB010D06 /* PrivacyInfo.xcprivacy in Resources */,
			);
			runOnlyForDeploymentPostprocessing = 0;
		};
		72132EEA1B204CFC2C5F85B2 /* Resources */ = {
			isa = PBXResourcesBuildPhase;
			buildActionMask = 2147483647;
			files = (
				DB6B066B32FB31C7303889C7 /* Assets.xcassets in Resources */,
				08689498DC466E3E15391BE9 /* PrivacyInfo.xcprivacy in Resources */,
			);
			runOnlyForDeploymentPostprocessing = 0;
		};
		AE02527F23BE46A10219CBA2 /* Resources */ = {
			isa = PBXResourcesBuildPhase;
			buildActionMask = 2147483647;
			files = (
				D8EB6881A2C104748CC89F15 /* AppIcon.icns in Resources */,
				E0D9256012865D83AE6F87BA /* Assets.xcassets in Resources */,
			);
			runOnlyForDeploymentPostprocessing = 0;
		};
		F3C3F1DE11D8411A2226A5FE /* Resources */ = {
			isa = PBXResourcesBuildPhase;
			buildActionMask = 2147483647;
			files = (
				2C81EDF5BE791A7967BBE4C1 /* Assets.xcassets in Resources */,
				CB01813FB853F5BBB9FFD0D8 /* ClipperPreprocess.js in Resources */,
				C28D31C08B3BFDBD26E59062 /* PrivacyInfo.xcprivacy in Resources */,
			);
			runOnlyForDeploymentPostprocessing = 0;
		};
/* End PBXResourcesBuildPhase section */

/* Begin PBXSourcesBuildPhase section */
		14B880C4E352A3633C93C0A4 /* Sources */ = {
			isa = PBXSourcesBuildPhase;
			buildActionMask = 2147483647;
			files = (
				E58A6FF4B013F760EAC23557 /* ClipperActionViewController.swift in Sources */,
			);
			runOnlyForDeploymentPostprocessing = 0;
		};
		5272A9CC98B8B1CA195A0DA2 /* Sources */ = {
			isa = PBXSourcesBuildPhase;
			buildActionMask = 2147483647;
			files = (
				267C6A37DBD79143104EB0D0 /* AppRestarter.swift in Sources */,
				8E571072F83C8735F75B5479 /* ClippingEditSheet.swift in Sources */,
				8A8AC5000C43193E11BE3585 /* CopiedMacApp.swift in Sources */,
				8D03DD120B7D7E5D83463DD3 /* GlobalHotkeyManager.swift in Sources */,
				979E1F22BA6D8BF0A429A471 /* MainWindowView.swift in Sources */,
				724F5BAC96D1EE37B5585B5E /* PermissionManager.swift in Sources */,
				6D0CE241A0BD4D6130F207B9 /* PopoverClippingCard.swift in Sources */,
				BBACAFF88EF2EF058D96CBF7 /* PopoverView.swift in Sources */,
				E2F5BEF8FDE389B570B84C6A /* SettingsView.swift in Sources */,
				24B456A53173354F4798AF53 /* SettingsWindowController.swift in Sources */,
			);
			runOnlyForDeploymentPostprocessing = 0;
		};
		97967876A32D0D9A90D6CB3E /* Sources */ = {
			isa = PBXSourcesBuildPhase;
			buildActionMask = 2147483647;
			files = (
				8A19023873943BB97C5EAC15 /* ClipListTests.swift in Sources */,
				6F5FBDADECD0B882EBB0DB43 /* ClipboardServiceTests.swift in Sources */,
				046575326421682114D85DCB /* ClippingModelTests.swift in Sources */,
				385697753C3F1DA87A70ADC3 /* PasteQueueTests.swift in Sources */,
				4FA451349386A2EBB6B54D97 /* QATests.swift in Sources */,
			);
			runOnlyForDeploymentPostprocessing = 0;
		};
		B9FE9277A20A3C1A27E728B9 /* Sources */ = {
			isa = PBXSourcesBuildPhase;
			buildActionMask = 2147483647;
			files = (
				CA3E412595269BBC26BA83D8 /* ShareViewController.swift in Sources */,
			);
			runOnlyForDeploymentPostprocessing = 0;
		};
		C14B401CD017F999118723A4 /* Sources */ = {
			isa = PBXSourcesBuildPhase;
			buildActionMask = 2147483647;
			files = (
				EF36C3DBC239D51CEFEBA5D4 /* ClipboardScreen.swift in Sources */,
				7736F7876559BB4CFD34ED3B /* ClippingActionSheet.swift in Sources */,
				8D5BA0582EC815FB16EAF6C6 /* ClippingDetailScreen.swift in Sources */,
				975D5A9E7F803B06B2C95202 /* ClippingEditSheet.swift in Sources */,
				EC8A08995C96DD426DE53349 /* ClippingShareSheet.swift in Sources */,
				A7251E200F17B40E044FB2B0 /* ClippingSortOrder.swift in Sources */,
				BAB1D9AC6E706CCCB9DD3456 /* ClippingsListScreen.swift in Sources */,
				FD085A1EEBC50C44CCB924AD /* CopiedAppShortcuts.swift in Sources */,
				47DAD276C2EC5039E09C03AB /* CopiedIOSApp.swift in Sources */,
				9F0237E941A9D8C9E0837B71 /* DesignTokens.swift in Sources */,
				99D257C091A25BDFB786E17E /* GeneralSettingsView.swift in Sources */,
				1ADBD9AE0A2552057FB41CA1 /* IOSContentView.swift in Sources */,
				C17EA098895F9894B07B80A7 /* InterfaceSettingsView.swift in Sources */,
				45EBE8DD0EB5C6806E9DCADB /* LicenseEntrySheet.swift in Sources */,
				4E20462F46FAA4B4DC1BAF37 /* ListsScreen.swift in Sources */,
				99194222245B9CF216763D72 /* MergeScriptsSettingsView.swift in Sources */,
				3604A4E4CF18DBF9C3A6A361 /* RootNavigator.swift in Sources */,
				C692415D1F0772167C9B1932 /* RulesSettingsView.swift in Sources */,
				4B2F80AB79B2B2449CC2F3A3 /* SaveClippingSheet.swift in Sources */,
				D1185723474BD2535965819E /* SettingsSheet.swift in Sources */,
				9ECA08EDDEB19AA56187D51C /* SiriShortcutsSettingsView.swift in Sources */,
				6A0129B57D1D871B1AA5089C /* SyncScreen.swift in Sources */,
				D627B7F3A8BDC97E9008F6EE /* TextFormattersSettingsView.swift in Sources */,
			);
			runOnlyForDeploymentPostprocessing = 0;
		};
/* End PBXSourcesBuildPhase section */

/* Begin PBXTargetDependency section */
		20B42C840C434845A8902E57 /* PBXTargetDependency */ = {
			isa = PBXTargetDependency;
			target = 520AD34CEF71A26CAEC95AC1 /* CopiedShareExtension */;
			targetProxy = 09B8D19F5890433ABC6F106D /* PBXContainerItemProxy */;
		};
		B0735B6A8695FB83B8ECC685 /* PBXTargetDependency */ = {
			isa = PBXTargetDependency;
			target = 67CF2DC485C5993966B494D7 /* CopiedMac */;
			targetProxy = CF36863D5FD19CC7E69F4303 /* PBXContainerItemProxy */;
		};
		C87412E4BBE431A70A57929A /* PBXTargetDependency */ = {
			isa = PBXTargetDependency;
			target = 246B4BCC68C76E0FB02B4FCC /* CopiedClipperExtension */;
			targetProxy = C4E497F69AE4023F61CC079B /* PBXContainerItemProxy */;
		};
/* End PBXTargetDependency section */

/* Begin XCBuildConfiguration section */
		0557DC8CD3264604E55DC6D9 /* Release */ = {
			isa = XCBuildConfiguration;
			buildSettings = {
				ASSETCATALOG_COMPILER_APPICON_NAME = AppIcon;
				CODE_SIGN_ENTITLEMENTS = CopiedClipperExtension/CopiedClipperExtension.entitlements;
				CURRENT_PROJECT_VERSION = 3;
				INFOPLIST_FILE = CopiedClipperExtension/Info.plist;
				IPHONEOS_DEPLOYMENT_TARGET = 18.0;
				LD_RUNPATH_SEARCH_PATHS = (
					"$(inherited)",
					"@executable_path/Frameworks",
					"@executable_path/../../Frameworks",
				);
				MARKETING_VERSION = 1.3.3;
				PRODUCT_BUNDLE_IDENTIFIER = com.magneton.copied.ClipperAction;
				PRODUCT_NAME = CopiedClipperExtension;
				SDKROOT = iphoneos;
				SWIFT_ACTIVE_COMPILATION_CONDITIONS = "MAS_BUILD MAS_STOREFRONT";
				SWIFT_EMIT_LOC_STRINGS = YES;
				TARGETED_DEVICE_FAMILY = "1,2";
			};
			name = Release;
		};
		10B3C39315F950CFF14BBCBA /* Release */ = {
			isa = XCBuildConfiguration;
			buildSettings = {
				APS_ENVIRONMENT = production;
				ASSETCATALOG_COMPILER_APPICON_NAME = AppIcon;
				CODE_SIGN_ENTITLEMENTS = CopiedIOS/CopiedIOS.entitlements;
				CODE_SIGN_IDENTITY = "iPhone Developer";
				CURRENT_PROJECT_VERSION = 3;
				INFOPLIST_FILE = CopiedIOS/Info.plist;
				IPHONEOS_DEPLOYMENT_TARGET = 18.0;
				LD_RUNPATH_SEARCH_PATHS = (
					"$(inherited)",
					"@executable_path/Frameworks",
				);
				MARKETING_VERSION = 1.3.3;
				PRODUCT_BUNDLE_IDENTIFIER = com.magneton.copied;
				PRODUCT_NAME = Copied;
				SDKROOT = iphoneos;
				SWIFT_ACTIVE_COMPILATION_CONDITIONS = "MAS_BUILD MAS_STOREFRONT";
				SWIFT_EMIT_LOC_STRINGS = YES;
				TARGETED_DEVICE_FAMILY = "1,2";
			};
			name = Release;
		};
		2FF5B4788EE79822D2656DF8 /* Release */ = {
			isa = XCBuildConfiguration;
			buildSettings = {
				ASSETCATALOG_COMPILER_APPICON_NAME = AppIcon;
				CODE_SIGN_ENTITLEMENTS = CopiedShareExtension/CopiedShareExtension.entitlements;
				CURRENT_PROJECT_VERSION = 3;
				INFOPLIST_FILE = CopiedShareExtension/Info.plist;
				IPHONEOS_DEPLOYMENT_TARGET = 18.0;
				LD_RUNPATH_SEARCH_PATHS = (
					"$(inherited)",
					"@executable_path/Frameworks",
					"@executable_path/../../Frameworks",
				);
				MARKETING_VERSION = 1.3.3;
				PRODUCT_BUNDLE_IDENTIFIER = com.magneton.copied.ShareExtension;
				PRODUCT_NAME = CopiedShareExtension;
				SDKROOT = iphoneos;
				SWIFT_ACTIVE_COMPILATION_CONDITIONS = "MAS_BUILD MAS_STOREFRONT";
				SWIFT_EMIT_LOC_STRINGS = YES;
				TARGETED_DEVICE_FAMILY = "1,2";
			};
			name = Release;
		};
		338B8DFE4872487299595E26 /* Debug */ = {
			isa = XCBuildConfiguration;
			buildSettings = {
				ALWAYS_SEARCH_USER_PATHS = NO;
				CLANG_ANALYZER_NONNULL = YES;
				CLANG_ANALYZER_NUMBER_OBJECT_CONVERSION = YES_AGGRESSIVE;
				CLANG_CXX_LANGUAGE_STANDARD = "gnu++14";
				CLANG_CXX_LIBRARY = "libc++";
				CLANG_ENABLE_MODULES = YES;
				CLANG_ENABLE_OBJC_ARC = YES;
				CLANG_ENABLE_OBJC_WEAK = YES;
				CLANG_WARN_BLOCK_CAPTURE_AUTORELEASING = YES;
				CLANG_WARN_BOOL_CONVERSION = YES;
				CLANG_WARN_COMMA = YES;
				CLANG_WARN_CONSTANT_CONVERSION = YES;
				CLANG_WARN_DEPRECATED_OBJC_IMPLEMENTATIONS = YES;
				CLANG_WARN_DIRECT_OBJC_ISA_USAGE = YES_ERROR;
				CLANG_WARN_DOCUMENTATION_COMMENTS = YES;
				CLANG_WARN_EMPTY_BODY = YES;
				CLANG_WARN_ENUM_CONVERSION = YES;
				CLANG_WARN_INFINITE_RECURSION = YES;
				CLANG_WARN_INT_CONVERSION = YES;
				CLANG_WARN_NON_LITERAL_NULL_CONVERSION = YES;
				CLANG_WARN_OBJC_IMPLICIT_RETAIN_SELF = YES;
				CLANG_WARN_OBJC_LITERAL_CONVERSION = YES;
				CLANG_WARN_OBJC_ROOT_CLASS = YES_ERROR;
				CLANG_WARN_QUOTED_INCLUDE_IN_FRAMEWORK_HEADER = YES;
				CLANG_WARN_RANGE_LOOP_ANALYSIS = YES;
				CLANG_WARN_STRICT_PROTOTYPES = YES;
				CLANG_WARN_SUSPICIOUS_MOVE = YES;
				CLANG_WARN_UNGUARDED_AVAILABILITY = YES_AGGRESSIVE;
				CLANG_WARN_UNREACHABLE_CODE = YES;
				CLANG_WARN__DUPLICATE_METHOD_MATCH = YES;
				CODE_SIGN_STYLE = Automatic;
				COPY_PHASE_STRIP = NO;
				DEBUG_INFORMATION_FORMAT = dwarf;
				DEVELOPMENT_TEAM = 7727LYTG96;
				ENABLE_HARDENED_RUNTIME = YES;
				ENABLE_STRICT_OBJC_MSGSEND = YES;
				ENABLE_TESTABILITY = YES;
				ENABLE_USER_SCRIPT_SANDBOXING = NO;
				GCC_C_LANGUAGE_STANDARD = gnu11;
				GCC_DYNAMIC_NO_PIC = NO;
				GCC_NO_COMMON_BLOCKS = YES;
				GCC_OPTIMIZATION_LEVEL = 0;
				GCC_PREPROCESSOR_DEFINITIONS = (
					"$(inherited)",
					"DEBUG=1",
				);
				GCC_WARN_64_TO_32_BIT_CONVERSION = YES;
				GCC_WARN_ABOUT_RETURN_TYPE = YES_ERROR;
				GCC_WARN_UNDECLARED_SELECTOR = YES;
				GCC_WARN_UNINITIALIZED_AUTOS = YES_AGGRESSIVE;
				GCC_WARN_UNUSED_FUNCTION = YES;
				GCC_WARN_UNUSED_VARIABLE = YES;
				IPHONEOS_DEPLOYMENT_TARGET = 18.0;
				MACOSX_DEPLOYMENT_TARGET = 15.0;
				MTL_ENABLE_DEBUG_INFO = INCLUDE_SOURCE;
				MTL_FAST_MATH = YES;
				ONLY_ACTIVE_ARCH = YES;
				PRODUCT_NAME = "$(TARGET_NAME)";
				SWIFT_ACTIVE_COMPILATION_CONDITIONS = DEBUG;
				SWIFT_OPTIMIZATION_LEVEL = "-Onone";
				SWIFT_VERSION = 6.0;
			};
			name = Debug;
		};
		4BF8E5B7DEE0A8C4E286C471 /* Release */ = {
			isa = XCBuildConfiguration;
			buildSettings = {
				BUNDLE_LOADER = "$(TEST_HOST)";
				COMBINE_HIDPI_IMAGES = YES;
				GENERATE_INFOPLIST_FILE = YES;
				LD_RUNPATH_SEARCH_PATHS = (
					"$(inherited)",
					"@executable_path/../Frameworks",
					"@loader_path/../Frameworks",
				);
				MACOSX_DEPLOYMENT_TARGET = 15.0;
				PRODUCT_BUNDLE_IDENTIFIER = com.magneton.copied.tests;
				SDKROOT = macosx;
				TEST_HOST = "$(BUILT_PRODUCTS_DIR)/Copied.app/Contents/MacOS/Copied";
			};
			name = Release;
		};
		550B12622036D7D56769FAC1 /* Debug */ = {
			isa = XCBuildConfiguration;
			buildSettings = {
				BUNDLE_LOADER = "$(TEST_HOST)";
				COMBINE_HIDPI_IMAGES = YES;
				GENERATE_INFOPLIST_FILE = YES;
				LD_RUNPATH_SEARCH_PATHS = (
					"$(inherited)",
					"@executable_path/../Frameworks",
					"@loader_path/../Frameworks",
				);
				MACOSX_DEPLOYMENT_TARGET = 15.0;
				PRODUCT_BUNDLE_IDENTIFIER = com.magneton.copied.tests;
				SDKROOT = macosx;
				TEST_HOST = "$(BUILT_PRODUCTS_DIR)/Copied.app/Contents/MacOS/Copied";
			};
			name = Debug;
		};
		73ECD8A7ED06EB07F99770B3 /* Debug */ = {
			isa = XCBuildConfiguration;
			buildSettings = {
				APS_ENVIRONMENT = development;
				ASSETCATALOG_COMPILER_APPICON_NAME = AppIcon;
				CODE_SIGN_ENTITLEMENTS = CopiedIOS/CopiedIOS.entitlements;
				CODE_SIGN_IDENTITY = "iPhone Developer";
				CURRENT_PROJECT_VERSION = 3;
				INFOPLIST_FILE = CopiedIOS/Info.plist;
				IPHONEOS_DEPLOYMENT_TARGET = 18.0;
				LD_RUNPATH_SEARCH_PATHS = (
					"$(inherited)",
					"@executable_path/Frameworks",
				);
				MARKETING_VERSION = 1.3.3;
				PRODUCT_BUNDLE_IDENTIFIER = com.magneton.copied;
				PRODUCT_NAME = Copied;
				SDKROOT = iphoneos;
				SWIFT_ACTIVE_COMPILATION_CONDITIONS = "DEBUG MAS_BUILD MAS_STOREFRONT";
				SWIFT_EMIT_LOC_STRINGS = YES;
				TARGETED_DEVICE_FAMILY = "1,2";
			};
			name = Debug;
		};
		AC5BB4030490C1A91172E967 /* Release */ = {
			isa = XCBuildConfiguration;
			buildSettings = {
				ALWAYS_SEARCH_USER_PATHS = NO;
				CLANG_ANALYZER_NONNULL = YES;
				CLANG_ANALYZER_NUMBER_OBJECT_CONVERSION = YES_AGGRESSIVE;
				CLANG_CXX_LANGUAGE_STANDARD = "gnu++14";
				CLANG_CXX_LIBRARY = "libc++";
				CLANG_ENABLE_MODULES = YES;
				CLANG_ENABLE_OBJC_ARC = YES;
				CLANG_ENABLE_OBJC_WEAK = YES;
				CLANG_WARN_BLOCK_CAPTURE_AUTORELEASING = YES;
				CLANG_WARN_BOOL_CONVERSION = YES;
				CLANG_WARN_COMMA = YES;
				CLANG_WARN_CONSTANT_CONVERSION = YES;
				CLANG_WARN_DEPRECATED_OBJC_IMPLEMENTATIONS = YES;
				CLANG_WARN_DIRECT_OBJC_ISA_USAGE = YES_ERROR;
				CLANG_WARN_DOCUMENTATION_COMMENTS = YES;
				CLANG_WARN_EMPTY_BODY = YES;
				CLANG_WARN_ENUM_CONVERSION = YES;
				CLANG_WARN_INFINITE_RECURSION = YES;
				CLANG_WARN_INT_CONVERSION = YES;
				CLANG_WARN_NON_LITERAL_NULL_CONVERSION = YES;
				CLANG_WARN_OBJC_IMPLICIT_RETAIN_SELF = YES;
				CLANG_WARN_OBJC_LITERAL_CONVERSION = YES;
				CLANG_WARN_OBJC_ROOT_CLASS = YES_ERROR;
				CLANG_WARN_QUOTED_INCLUDE_IN_FRAMEWORK_HEADER = YES;
				CLANG_WARN_RANGE_LOOP_ANALYSIS = YES;
				CLANG_WARN_STRICT_PROTOTYPES = YES;
				CLANG_WARN_SUSPICIOUS_MOVE = YES;
				CLANG_WARN_UNGUARDED_AVAILABILITY = YES_AGGRESSIVE;
				CLANG_WARN_UNREACHABLE_CODE = YES;
				CLANG_WARN__DUPLICATE_METHOD_MATCH = YES;
				CODE_SIGN_STYLE = Automatic;
				COPY_PHASE_STRIP = NO;
				DEBUG_INFORMATION_FORMAT = "dwarf-with-dsym";
				DEVELOPMENT_TEAM = 7727LYTG96;
				ENABLE_HARDENED_RUNTIME = YES;
				ENABLE_NS_ASSERTIONS = NO;
				ENABLE_STRICT_OBJC_MSGSEND = YES;
				ENABLE_USER_SCRIPT_SANDBOXING = NO;
				GCC_C_LANGUAGE_STANDARD = gnu11;
				GCC_NO_COMMON_BLOCKS = YES;
				GCC_WARN_64_TO_32_BIT_CONVERSION = YES;
				GCC_WARN_ABOUT_RETURN_TYPE = YES_ERROR;
				GCC_WARN_UNDECLARED_SELECTOR = YES;
				GCC_WARN_UNINITIALIZED_AUTOS = YES_AGGRESSIVE;
				GCC_WARN_UNUSED_FUNCTION = YES;
				GCC_WARN_UNUSED_VARIABLE = YES;
				IPHONEOS_DEPLOYMENT_TARGET = 18.0;
				MACOSX_DEPLOYMENT_TARGET = 15.0;
				MTL_ENABLE_DEBUG_INFO = NO;
				MTL_FAST_MATH = YES;
				PRODUCT_NAME = "$(TARGET_NAME)";
				SWIFT_COMPILATION_MODE = wholemodule;
				SWIFT_OPTIMIZATION_LEVEL = "-O";
				SWIFT_VERSION = 6.0;
			};
			name = Release;
		};
		AE54D129602BFDB4C3C065F7 /* Debug */ = {
			isa = XCBuildConfiguration;
			buildSettings = {
				ASSETCATALOG_COMPILER_APPICON_NAME = AppIcon;
				CODE_SIGN_ENTITLEMENTS = CopiedShareExtension/CopiedShareExtension.entitlements;
				CURRENT_PROJECT_VERSION = 3;
				INFOPLIST_FILE = CopiedShareExtension/Info.plist;
				IPHONEOS_DEPLOYMENT_TARGET = 18.0;
				LD_RUNPATH_SEARCH_PATHS = (
					"$(inherited)",
					"@executable_path/Frameworks",
					"@executable_path/../../Frameworks",
				);
				MARKETING_VERSION = 1.3.3;
				PRODUCT_BUNDLE_IDENTIFIER = com.magneton.copied.ShareExtension;
				PRODUCT_NAME = CopiedShareExtension;
				SDKROOT = iphoneos;
				SWIFT_ACTIVE_COMPILATION_CONDITIONS = "DEBUG MAS_BUILD MAS_STOREFRONT";
				SWIFT_EMIT_LOC_STRINGS = YES;
				TARGETED_DEVICE_FAMILY = "1,2";
			};
			name = Debug;
		};
		AE779F7EB2B554CC32891776 /* Debug */ = {
			isa = XCBuildConfiguration;
			buildSettings = {
				APS_ENVIRONMENT = development;
				ASSETCATALOG_COMPILER_APPICON_NAME = AppIcon;
				CODE_SIGN_ENTITLEMENTS = CopiedMac/CopiedMac.entitlements;
				COMBINE_HIDPI_IMAGES = YES;
				CURRENT_PROJECT_VERSION = 5;
				INFOPLIST_FILE = CopiedMac/Info.plist;
				LD_RUNPATH_SEARCH_PATHS = (
					"$(inherited)",
					"@executable_path/../Frameworks",
				);
				MACOSX_DEPLOYMENT_TARGET = 15.0;
				MARKETING_VERSION = 1.3.3;
				PRODUCT_BUNDLE_IDENTIFIER = com.magneton.copied;
				PRODUCT_NAME = Copied;
				SDKROOT = macosx;
				SWIFT_ACTIVE_COMPILATION_CONDITIONS = "DEBUG MAS_BUILD MAS_STOREFRONT";
				SWIFT_EMIT_LOC_STRINGS = YES;
			};
			name = Debug;
		};
		E4CD149609B9530C1ED99181 /* Release */ = {
			isa = XCBuildConfiguration;
			buildSettings = {
				APS_ENVIRONMENT = production;
				ASSETCATALOG_COMPILER_APPICON_NAME = AppIcon;
				CODE_SIGN_ENTITLEMENTS = CopiedMac/CopiedMac.entitlements;
				COMBINE_HIDPI_IMAGES = YES;
				CURRENT_PROJECT_VERSION = 5;
				INFOPLIST_FILE = CopiedMac/Info.plist;
				LD_RUNPATH_SEARCH_PATHS = (
					"$(inherited)",
					"@executable_path/../Frameworks",
				);
				MACOSX_DEPLOYMENT_TARGET = 15.0;
				MARKETING_VERSION = 1.3.3;
				PRODUCT_BUNDLE_IDENTIFIER = com.magneton.copied;
				PRODUCT_NAME = Copied;
				SDKROOT = macosx;
				SWIFT_ACTIVE_COMPILATION_CONDITIONS = "MAS_BUILD MAS_STOREFRONT";
				SWIFT_EMIT_LOC_STRINGS = YES;
			};
			name = Release;
		};
		FC4BBF91BF293FC51D6EC02B /* Debug */ = {
			isa = XCBuildConfiguration;
			buildSettings = {
				ASSETCATALOG_COMPILER_APPICON_NAME = AppIcon;
				CODE_SIGN_ENTITLEMENTS = CopiedClipperExtension/CopiedClipperExtension.entitlements;
				CURRENT_PROJECT_VERSION = 3;
				INFOPLIST_FILE = CopiedClipperExtension/Info.plist;
				IPHONEOS_DEPLOYMENT_TARGET = 18.0;
				LD_RUNPATH_SEARCH_PATHS = (
					"$(inherited)",
					"@executable_path/Frameworks",
					"@executable_path/../../Frameworks",
				);
				MARKETING_VERSION = 1.3.3;
				PRODUCT_BUNDLE_IDENTIFIER = com.magneton.copied.ClipperAction;
				PRODUCT_NAME = CopiedClipperExtension;
				SDKROOT = iphoneos;
				SWIFT_ACTIVE_COMPILATION_CONDITIONS = "DEBUG MAS_BUILD MAS_STOREFRONT";
				SWIFT_EMIT_LOC_STRINGS = YES;
				TARGETED_DEVICE_FAMILY = "1,2";
			};
			name = Debug;
		};
/* End XCBuildConfiguration section */

/* Begin XCConfigurationList section */
		290A668B82DB972483C72D49 /* Build configuration list for PBXNativeTarget "CopiedIOS" */ = {
			isa = XCConfigurationList;
			buildConfigurations = (
				73ECD8A7ED06EB07F99770B3 /* Debug */,
				10B3C39315F950CFF14BBCBA /* Release */,
			);
			defaultConfigurationIsVisible = 0;
			defaultConfigurationName = Debug;
		};
		36656B20482CE0B999A24988 /* Build configuration list for PBXNativeTarget "CopiedClipperExtension" */ = {
			isa = XCConfigurationList;
			buildConfigurations = (
				FC4BBF91BF293FC51D6EC02B /* Debug */,
				0557DC8CD3264604E55DC6D9 /* Release */,
			);
			defaultConfigurationIsVisible = 0;
			defaultConfigurationName = Debug;
		};
		6DD18AA0E99AB5B47C1C5588 /* Build configuration list for PBXNativeTarget "CopiedMac" */ = {
			isa = XCConfigurationList;
			buildConfigurations = (
				AE779F7EB2B554CC32891776 /* Debug */,
				E4CD149609B9530C1ED99181 /* Release */,
			);
			defaultConfigurationIsVisible = 0;
			defaultConfigurationName = Debug;
		};
		7F3CC2BEA389891393AB9868 /* Build configuration list for PBXNativeTarget "CopiedShareExtension" */ = {
			isa = XCConfigurationList;
			buildConfigurations = (
				AE54D129602BFDB4C3C065F7 /* Debug */,
				2FF5B4788EE79822D2656DF8 /* Release */,
			);
			defaultConfigurationIsVisible = 0;
			defaultConfigurationName = Debug;
		};
		B031D99369DFD42428FBD434 /* Build configuration list for PBXNativeTarget "CopiedKitTests" */ = {
			isa = XCConfigurationList;
			buildConfigurations = (
				550B12622036D7D56769FAC1 /* Debug */,
				4BF8E5B7DEE0A8C4E286C471 /* Release */,
			);
			defaultConfigurationIsVisible = 0;
			defaultConfigurationName = Debug;
		};
		F9761600A420526D57D095F1 /* Build configuration list for PBXProject "Copied" */ = {
			isa = XCConfigurationList;
			buildConfigurations = (
				338B8DFE4872487299595E26 /* Debug */,
				AC5BB4030490C1A91172E967 /* Release */,
			);
			defaultConfigurationIsVisible = 0;
			defaultConfigurationName = Debug;
		};
/* End XCConfigurationList section */

/* Begin XCLocalSwiftPackageReference section */
		97C1CF0CECB6DE55106DCE31 /* XCLocalSwiftPackageReference "CopiedKit" */ = {
			isa = XCLocalSwiftPackageReference;
			relativePath = CopiedKit;
		};
/* End XCLocalSwiftPackageReference section */

/* Begin XCSwiftPackageProductDependency section */
		12BA8D72684F91B1163A3BF6 /* CopiedKit */ = {
			isa = XCSwiftPackageProductDependency;
			productName = CopiedKit;
		};
		65F01B69873E194D68E0BDF5 /* CopiedKit */ = {
			isa = XCSwiftPackageProductDependency;
			productName = CopiedKit;
		};
		ACD2861424F723D5D609AB4D /* CopiedKit */ = {
			isa = XCSwiftPackageProductDependency;
			productName = CopiedKit;
		};
		C8685AAFE499AE75FFFF857C /* CopiedKit */ = {
			isa = XCSwiftPackageProductDependency;
			productName = CopiedKit;
		};
		F7BAF822866372C0A8E61D86 /* CopiedKit */ = {
			isa = XCSwiftPackageProductDependency;
			productName = CopiedKit;
		};
/* End XCSwiftPackageProductDependency section */
	};
	rootObject = 7C10DC7FAC57C33860C4B846 /* Project object */;
}
