// !$*UTF8*$!
{
	archiveVersion = 1;
	classes = {
	};
	objectVersion = 77;
	objects = {

/* Begin PBXBuildFile section */
		046575326421682114D85DCB /* ClippingModelTests.swift in Sources */ = {isa = PBXBuildFile; fileRef = DDEA753EEB49E5A6CFD722D9 /* ClippingModelTests.swift */; };
		16498CACA732AE9498044B61 /* CopiedKit in Frameworks */ = {isa = PBXBuildFile; productRef = F7BAF822866372C0A8E61D86 /* CopiedKit */; };
		1ADBD9AE0A2552057FB41CA1 /* IOSContentView.swift in Sources */ = {isa = PBXBuildFile; fileRef = E1E7F9BDEBDC0D938D2DA15B /* IOSContentView.swift */; };
		2424BE107C81564D9544F7D3 /* CopiedKit in Frameworks */ = {isa = PBXBuildFile; productRef = 12BA8D72684F91B1163A3BF6 /* CopiedKit */; };
		24B456A53173354F4798AF53 /* SettingsWindowController.swift in Sources */ = {isa = PBXBuildFile; fileRef = 64F5B9606604EF52355AC247 /* SettingsWindowController.swift */; };
		267C6A37DBD79143104EB0D0 /* AppRestarter.swift in Sources */ = {isa = PBXBuildFile; fileRef = 08F49BBDF97F56680FA79F5B /* AppRestarter.swift */; };
		385697753C3F1DA87A70ADC3 /* PasteQueueTests.swift in Sources */ = {isa = PBXBuildFile; fileRef = 3A402C52089CDB3C6E28A019 /* PasteQueueTests.swift */; };
		47DAD276C2EC5039E09C03AB /* CopiedIOSApp.swift in Sources */ = {isa = PBXBuildFile; fileRef = 46990B73B52D3A00274D3770 /* CopiedIOSApp.swift */; };
		4FA451349386A2EBB6B54D97 /* QATests.swift in Sources */ = {isa = PBXBuildFile; fileRef = 253D7474DF1C1851733BBD77 /* QATests.swift */; };
		6D0CE241A0BD4D6130F207B9 /* PopoverClippingCard.swift in Sources */ = {isa = PBXBuildFile; fileRef = 6B039D4406990AB5444E169A /* PopoverClippingCard.swift */; };
		6F5FBDADECD0B882EBB0DB43 /* ClipboardServiceTests.swift in Sources */ = {isa = PBXBuildFile; fileRef = 29FB00701E2C6E430ACC0939 /* ClipboardServiceTests.swift */; };
		724F5BAC96D1EE37B5585B5E /* PermissionManager.swift in Sources */ = {isa = PBXBuildFile; fileRef = D68365944B55FF8FB14382D5 /* PermissionManager.swift */; };
		7C4AB7E0EDA52B1D93EB04C2 /* PurchaseManager.swift in Sources */ = {isa = PBXBuildFile; fileRef = A89D5378AF1994A746168FF3 /* PurchaseManager.swift */; };
		8A19023873943BB97C5EAC15 /* ClipListTests.swift in Sources */ = {isa = PBXBuildFile; fileRef = D511C12F7A91C1F037BE1262 /* ClipListTests.swift */; };
		8A8AC5000C43193E11BE3585 /* CopiedMacApp.swift in Sources */ = {isa = PBXBuildFile; fileRef = 96955B40B8A89EE3BE51259A /* CopiedMacApp.swift */; };
		8D03DD120B7D7E5D83463DD3 /* GlobalHotkeyManager.swift in Sources */ = {isa = PBXBuildFile; fileRef = 5825C0934C4BE696B5BD635F /* GlobalHotkeyManager.swift */; };
		8E571072F83C8735F75B5479 /* ClippingEditSheet.swift in Sources */ = {isa = PBXBuildFile; fileRef = 8EBD72DBC570F086DD209130 /* ClippingEditSheet.swift */; };
		979E1F22BA6D8BF0A429A471 /* MainWindowView.swift in Sources */ = {isa = PBXBuildFile; fileRef = C446B8F58834A31AD60297C5 /* MainWindowView.swift */; };
		9A480A83DA21D9DE69F277D5 /* CopiedKit in Frameworks */ = {isa = PBXBuildFile; productRef = C8685AAFE499AE75FFFF857C /* CopiedKit */; };
		BBACAFF88EF2EF058D96CBF7 /* PopoverView.swift in Sources */ = {isa = PBXBuildFile; fileRef = D4A621629EB1423A7F5305E1 /* PopoverView.swift */; };
		D8EB6881A2C104748CC89F15 /* AppIcon.icns in Resources */ = {isa = PBXBuildFile; fileRef = 0F16D2F561BC01AE2ED9E5CB /* AppIcon.icns */; };
		DD265A8A1086BACBC893AAF5 /* StatusBarController.swift in Sources */ = {isa = PBXBuildFile; fileRef = B81E8FF99A9750B5718F93BF /* StatusBarController.swift */; };
		E0D9256012865D83AE6F87BA /* Assets.xcassets in Resources */ = {isa = PBXBuildFile; fileRef = 2977CA0AC8339871C8329B52 /* Assets.xcassets */; };
		E2F5BEF8FDE389B570B84C6A /* SettingsView.swift in Sources */ = {isa = PBXBuildFile; fileRef = 4305BE3E48CCEE9D099C9D1C /* SettingsView.swift */; };
/* End PBXBuildFile section */

/* Begin PBXContainerItemProxy section */
		CF36863D5FD19CC7E69F4303 /* PBXContainerItemProxy */ = {
			isa = PBXContainerItemProxy;
			containerPortal = 7C10DC7FAC57C33860C4B846 /* Project object */;
			proxyType = 1;
			remoteGlobalIDString = 67CF2DC485C5993966B494D7;
			remoteInfo = CopiedMac;
		};
/* End PBXContainerItemProxy section */

/* Begin PBXFileReference section */
		04B7B5A54294A32350765CDE /* CopiedIOS.entitlements */ = {isa = PBXFileReference; lastKnownFileType = text.plist.entitlements; path = CopiedIOS.entitlements; sourceTree = "<group>"; };
		08F49BBDF97F56680FA79F5B /* AppRestarter.swift */ = {isa = PBXFileReference; lastKnownFileType = sourcecode.swift; path = AppRestarter.swift; sourceTree = "<group>"; };
		0DC10E8877F0AF5A1FEB431F /* Info.plist */ = {isa = PBXFileReference; lastKnownFileType = text.plist; path = Info.plist; sourceTree = "<group>"; };
		0F16D2F561BC01AE2ED9E5CB /* AppIcon.icns */ = {isa = PBXFileReference; lastKnownFileType = image.icns; path = AppIcon.icns; sourceTree = "<group>"; };
		253D7474DF1C1851733BBD77 /* QATests.swift */ = {isa = PBXFileReference; lastKnownFileType = sourcecode.swift; path = QATests.swift; sourceTree = "<group>"; };
		294BCC0938D4BD6227DD3159 /* CopiedIOS.app */ = {isa = PBXFileReference; includeInIndex = 0; lastKnownFileType = wrapper.application; path = CopiedIOS.app; sourceTree = BUILT_PRODUCTS_DIR; };
		2977CA0AC8339871C8329B52 /* Assets.xcassets */ = {isa = PBXFileReference; lastKnownFileType = folder.assetcatalog; path = Assets.xcassets; sourceTree = "<group>"; };
		29FB00701E2C6E430ACC0939 /* ClipboardServiceTests.swift */ = {isa = PBXFileReference; lastKnownFileType = sourcecode.swift; path = ClipboardServiceTests.swift; sourceTree = "<group>"; };
		2CE2F42CF5A98ABAE5D2E11E /* CopiedKit */ = {isa = PBXFileReference; lastKnownFileType = folder; name = CopiedKit; path = CopiedKit; sourceTree = SOURCE_ROOT; };
		3A402C52089CDB3C6E28A019 /* PasteQueueTests.swift */ = {isa = PBXFileReference; lastKnownFileType = sourcecode.swift; path = PasteQueueTests.swift; sourceTree = "<group>"; };
		3EF43CB043C2D52CBB11AEC0 /* CopiedMac-MAS.entitlements */ = {isa = PBXFileReference; lastKnownFileType = text.plist.entitlements; path = "CopiedMac-MAS.entitlements"; sourceTree = "<group>"; };
		4305BE3E48CCEE9D099C9D1C /* SettingsView.swift */ = {isa = PBXFileReference; lastKnownFileType = sourcecode.swift; path = SettingsView.swift; sourceTree = "<group>"; };
		46990B73B52D3A00274D3770 /* CopiedIOSApp.swift */ = {isa = PBXFileReference; lastKnownFileType = sourcecode.swift; path = CopiedIOSApp.swift; sourceTree = "<group>"; };
		5825C0934C4BE696B5BD635F /* GlobalHotkeyManager.swift */ = {isa = PBXFileReference; lastKnownFileType = sourcecode.swift; path = GlobalHotkeyManager.swift; sourceTree = "<group>"; };
		64F5B9606604EF52355AC247 /* SettingsWindowController.swift */ = {isa = PBXFileReference; lastKnownFileType = sourcecode.swift; path = SettingsWindowController.swift; sourceTree = "<group>"; };
		6B039D4406990AB5444E169A /* PopoverClippingCard.swift */ = {isa = PBXFileReference; lastKnownFileType = sourcecode.swift; path = PopoverClippingCard.swift; sourceTree = "<group>"; };
		8EBD72DBC570F086DD209130 /* ClippingEditSheet.swift */ = {isa = PBXFileReference; lastKnownFileType = sourcecode.swift; path = ClippingEditSheet.swift; sourceTree = "<group>"; };
		96955B40B8A89EE3BE51259A /* CopiedMacApp.swift */ = {isa = PBXFileReference; lastKnownFileType = sourcecode.swift; path = CopiedMacApp.swift; sourceTree = "<group>"; };
		A89D5378AF1994A746168FF3 /* PurchaseManager.swift */ = {isa = PBXFileReference; lastKnownFileType = sourcecode.swift; path = PurchaseManager.swift; sourceTree = "<group>"; };
		B81E8FF99A9750B5718F93BF /* StatusBarController.swift */ = {isa = PBXFileReference; lastKnownFileType = sourcecode.swift; path = StatusBarController.swift; sourceTree = "<group>"; };
		BF5FBEDA4C0FE0BF0E077A0E /* CopiedKitTests.xctest */ = {isa = PBXFileReference; explicitFileType = wrapper.cfbundle; includeInIndex = 0; path = CopiedKitTests.xctest; sourceTree = BUILT_PRODUCTS_DIR; };
		C446B8F58834A31AD60297C5 /* MainWindowView.swift */ = {isa = PBXFileReference; lastKnownFileType = sourcecode.swift; path = MainWindowView.swift; sourceTree = "<group>"; };
		D4A621629EB1423A7F5305E1 /* PopoverView.swift */ = {isa = PBXFileReference; lastKnownFileType = sourcecode.swift; path = PopoverView.swift; sourceTree = "<group>"; };
		D511C12F7A91C1F037BE1262 /* ClipListTests.swift */ = {isa = PBXFileReference; lastKnownFileType = sourcecode.swift; path = ClipListTests.swift; sourceTree = "<group>"; };
		D68365944B55FF8FB14382D5 /* PermissionManager.swift */ = {isa = PBXFileReference; lastKnownFileType = sourcecode.swift; path = PermissionManager.swift; sourceTree = "<group>"; };
		DDEA753EEB49E5A6CFD722D9 /* ClippingModelTests.swift */ = {isa = PBXFileReference; lastKnownFileType = sourcecode.swift; path = ClippingModelTests.swift; sourceTree = "<group>"; };
		E1E7F9BDEBDC0D938D2DA15B /* IOSContentView.swift */ = {isa = PBXFileReference; lastKnownFileType = sourcecode.swift; path = IOSContentView.swift; sourceTree = "<group>"; };
		F0A0703C9592958941B00289 /* CopiedMac.entitlements */ = {isa = PBXFileReference; lastKnownFileType = text.plist.entitlements; path = CopiedMac.entitlements; sourceTree = "<group>"; };
		FCA7831A76D46DF3744FCD06 /* CopiedMac.app */ = {isa = PBXFileReference; explicitFileType = wrapper.application; includeInIndex = 0; path = CopiedMac.app; sourceTree = BUILT_PRODUCTS_DIR; };
/* End PBXFileReference section */

/* Begin PBXFrameworksBuildPhase section */
		1EB95514C3F5DDC70B66B35E /* Frameworks */ = {
			isa = PBXFrameworksBuildPhase;
			buildActionMask = 2147483647;
			files = (
				16498CACA732AE9498044B61 /* CopiedKit in Frameworks */,
			);
			runOnlyForDeploymentPostprocessing = 0;
		};
		2501E4C136EACD7D4E0D9A49 /* Frameworks */ = {
			isa = PBXFrameworksBuildPhase;
			buildActionMask = 2147483647;
			files = (
				9A480A83DA21D9DE69F277D5 /* CopiedKit in Frameworks */,
			);
			runOnlyForDeploymentPostprocessing = 0;
		};
		7615C1B8C9DEF9BD4C280B9B /* Frameworks */ = {
			isa = PBXFrameworksBuildPhase;
			buildActionMask = 2147483647;
			files = (
				2424BE107C81564D9544F7D3 /* CopiedKit in Frameworks */,
			);
			runOnlyForDeploymentPostprocessing = 0;
		};
/* End PBXFrameworksBuildPhase section */

/* Begin PBXGroup section */
		2D7D3266038570779ECE6C70 /* App */ = {
			isa = PBXGroup;
			children = (
				08F49BBDF97F56680FA79F5B /* AppRestarter.swift */,
				96955B40B8A89EE3BE51259A /* CopiedMacApp.swift */,
				5825C0934C4BE696B5BD635F /* GlobalHotkeyManager.swift */,
				D68365944B55FF8FB14382D5 /* PermissionManager.swift */,
				64F5B9606604EF52355AC247 /* SettingsWindowController.swift */,
				B81E8FF99A9750B5718F93BF /* StatusBarController.swift */,
			);
			path = App;
			sourceTree = "<group>";
		};
		45D65E775D169A9E6E5E6023 /* Views */ = {
			isa = PBXGroup;
			children = (
				8EBD72DBC570F086DD209130 /* ClippingEditSheet.swift */,
				4305BE3E48CCEE9D099C9D1C /* SettingsView.swift */,
			);
			path = Views;
			sourceTree = "<group>";
		};
		5631CB527AD0A3489E471AE7 /* MenuBar */ = {
			isa = PBXGroup;
			children = (
				6B039D4406990AB5444E169A /* PopoverClippingCard.swift */,
				D4A621629EB1423A7F5305E1 /* PopoverView.swift */,
			);
			path = MenuBar;
			sourceTree = "<group>";
		};
		6685C3FE4F8F79B248F5D13C /* Windows */ = {
			isa = PBXGroup;
			children = (
				C446B8F58834A31AD60297C5 /* MainWindowView.swift */,
			);
			path = Windows;
			sourceTree = "<group>";
		};
		9E4104E390A34F56C3486F2D /* CopiedIOS */ = {
			isa = PBXGroup;
			children = (
				D8B7B5B51BFD4989D651474E /* App */,
				BE6EF77304491F7E7A307ACB /* Views */,
				04B7B5A54294A32350765CDE /* CopiedIOS.entitlements */,
			);
			path = CopiedIOS;
			sourceTree = "<group>";
		};
		A9CC05F3ABCA3F9BF0BA556B /* Purchases */ = {
			isa = PBXGroup;
			children = (
				A89D5378AF1994A746168FF3 /* PurchaseManager.swift */,
			);
			path = Purchases;
			sourceTree = "<group>";
		};
		BE6EF77304491F7E7A307ACB /* Views */ = {
			isa = PBXGroup;
			children = (
				E1E7F9BDEBDC0D938D2DA15B /* IOSContentView.swift */,
			);
			path = Views;
			sourceTree = "<group>";
		};
		BFF98950BC6C0B867EA5B35E /* Packages */ = {
			isa = PBXGroup;
			children = (
				2CE2F42CF5A98ABAE5D2E11E /* CopiedKit */,
			);
			name = Packages;
			sourceTree = "<group>";
		};
		D8B7B5B51BFD4989D651474E /* App */ = {
			isa = PBXGroup;
			children = (
				46990B73B52D3A00274D3770 /* CopiedIOSApp.swift */,
			);
			path = App;
			sourceTree = "<group>";
		};
		E8304788DC23CFE54025D17E /* Products */ = {
			isa = PBXGroup;
			children = (
				294BCC0938D4BD6227DD3159 /* CopiedIOS.app */,
				BF5FBEDA4C0FE0BF0E077A0E /* CopiedKitTests.xctest */,
				FCA7831A76D46DF3744FCD06 /* CopiedMac.app */,
			);
			name = Products;
			sourceTree = "<group>";
		};
		EC0950510151B6A62A563483 /* CopiedKitTests */ = {
			isa = PBXGroup;
			children = (
				29FB00701E2C6E430ACC0939 /* ClipboardServiceTests.swift */,
				D511C12F7A91C1F037BE1262 /* ClipListTests.swift */,
				DDEA753EEB49E5A6CFD722D9 /* ClippingModelTests.swift */,
				3A402C52089CDB3C6E28A019 /* PasteQueueTests.swift */,
				253D7474DF1C1851733BBD77 /* QATests.swift */,
			);
			name = CopiedKitTests;
			path = Tests/CopiedKitTests;
			sourceTree = "<group>";
		};
		ED2FF8F0E59F077212128CFB /* CopiedMac */ = {
			isa = PBXGroup;
			children = (
				2D7D3266038570779ECE6C70 /* App */,
				5631CB527AD0A3489E471AE7 /* MenuBar */,
				A9CC05F3ABCA3F9BF0BA556B /* Purchases */,
				45D65E775D169A9E6E5E6023 /* Views */,
				6685C3FE4F8F79B248F5D13C /* Windows */,
				0F16D2F561BC01AE2ED9E5CB /* AppIcon.icns */,
				2977CA0AC8339871C8329B52 /* Assets.xcassets */,
				3EF43CB043C2D52CBB11AEC0 /* CopiedMac-MAS.entitlements */,
				F0A0703C9592958941B00289 /* CopiedMac.entitlements */,
				0DC10E8877F0AF5A1FEB431F /* Info.plist */,
			);
			path = CopiedMac;
			sourceTree = "<group>";
		};
		F55C9D89A0CC6A66820EDE8C = {
			isa = PBXGroup;
			children = (
				9E4104E390A34F56C3486F2D /* CopiedIOS */,
				EC0950510151B6A62A563483 /* CopiedKitTests */,
				ED2FF8F0E59F077212128CFB /* CopiedMac */,
				BFF98950BC6C0B867EA5B35E /* Packages */,
				E8304788DC23CFE54025D17E /* Products */,
			);
			sourceTree = "<group>";
		};
/* End PBXGroup section */

/* Begin PBXNativeTarget section */
		67CF2DC485C5993966B494D7 /* CopiedMac */ = {
			isa = PBXNativeTarget;
			buildConfigurationList = 6DD18AA0E99AB5B47C1C5588 /* Build configuration list for PBXNativeTarget "CopiedMac" */;
			buildPhases = (
				5272A9CC98B8B1CA195A0DA2 /* Sources */,
				AE02527F23BE46A10219CBA2 /* Resources */,
				2501E4C136EACD7D4E0D9A49 /* Frameworks */,
			);
			buildRules = (
			);
			dependencies = (
			);
			name = CopiedMac;
			packageProductDependencies = (
				C8685AAFE499AE75FFFF857C /* CopiedKit */,
			);
			productName = CopiedMac;
			productReference = FCA7831A76D46DF3744FCD06 /* CopiedMac.app */;
			productType = "com.apple.product-type.application";
		};
		BCFE06295783F2744BA56339 /* CopiedKitTests */ = {
			isa = PBXNativeTarget;
			buildConfigurationList = B031D99369DFD42428FBD434 /* Build configuration list for PBXNativeTarget "CopiedKitTests" */;
			buildPhases = (
				97967876A32D0D9A90D6CB3E /* Sources */,
				1EB95514C3F5DDC70B66B35E /* Frameworks */,
			);
			buildRules = (
			);
			dependencies = (
				B0735B6A8695FB83B8ECC685 /* PBXTargetDependency */,
			);
			name = CopiedKitTests;
			packageProductDependencies = (
				F7BAF822866372C0A8E61D86 /* CopiedKit */,
			);
			productName = CopiedKitTests;
			productReference = BF5FBEDA4C0FE0BF0E077A0E /* CopiedKitTests.xctest */;
			productType = "com.apple.product-type.bundle.unit-test";
		};
		F47662F6E87A5A3AD6388873 /* CopiedIOS */ = {
			isa = PBXNativeTarget;
			buildConfigurationList = 290A668B82DB972483C72D49 /* Build configuration list for PBXNativeTarget "CopiedIOS" */;
			buildPhases = (
				C14B401CD017F999118723A4 /* Sources */,
				7615C1B8C9DEF9BD4C280B9B /* Frameworks */,
			);
			buildRules = (
			);
			dependencies = (
			);
			name = CopiedIOS;
			packageProductDependencies = (
				12BA8D72684F91B1163A3BF6 /* CopiedKit */,
			);
			productName = CopiedIOS;
			productReference = 294BCC0938D4BD6227DD3159 /* CopiedIOS.app */;
			productType = "com.apple.product-type.application";
		};
/* End PBXNativeTarget section */

/* Begin PBXProject section */
		7C10DC7FAC57C33860C4B846 /* Project object */ = {
			isa = PBXProject;
			attributes = {
				BuildIndependentTargetsInParallel = YES;
				LastUpgradeCheck = 1600;
				TargetAttributes = {
					67CF2DC485C5993966B494D7 = {
						DevelopmentTeam = 7727LYTG96;
						ProvisioningStyle = Automatic;
					};
					BCFE06295783F2744BA56339 = {
						DevelopmentTeam = 7727LYTG96;
						ProvisioningStyle = Automatic;
					};
					F47662F6E87A5A3AD6388873 = {
						DevelopmentTeam = 7727LYTG96;
						ProvisioningStyle = Automatic;
					};
				};
			};
			buildConfigurationList = F9761600A420526D57D095F1 /* Build configuration list for PBXProject "Copied" */;
			developmentRegion = en;
			hasScannedForEncodings = 0;
			knownRegions = (
				Base,
				en,
			);
			mainGroup = F55C9D89A0CC6A66820EDE8C;
			minimizedProjectReferenceProxies = 1;
			packageReferences = (
				97C1CF0CECB6DE55106DCE31 /* XCLocalSwiftPackageReference "CopiedKit" */,
			);
			preferredProjectObjectVersion = 77;
			productRefGroup = E8304788DC23CFE54025D17E /* Products */;
			projectDirPath = "";
			projectRoot = "";
			targets = (
				F47662F6E87A5A3AD6388873 /* CopiedIOS */,
				BCFE06295783F2744BA56339 /* CopiedKitTests */,
				67CF2DC485C5993966B494D7 /* CopiedMac */,
			);
		};
/* End PBXProject section */

/* Begin PBXResourcesBuildPhase section */
		AE02527F23BE46A10219CBA2 /* Resources */ = {
			isa = PBXResourcesBuildPhase;
			buildActionMask = 2147483647;
			files = (
				D8EB6881A2C104748CC89F15 /* AppIcon.icns in Resources */,
				E0D9256012865D83AE6F87BA /* Assets.xcassets in Resources */,
			);
			runOnlyForDeploymentPostprocessing = 0;
		};
/* End PBXResourcesBuildPhase section */

/* Begin PBXSourcesBuildPhase section */
		5272A9CC98B8B1CA195A0DA2 /* Sources */ = {
			isa = PBXSourcesBuildPhase;
			buildActionMask = 2147483647;
			files = (
				267C6A37DBD79143104EB0D0 /* AppRestarter.swift in Sources */,
				8E571072F83C8735F75B5479 /* ClippingEditSheet.swift in Sources */,
				8A8AC5000C43193E11BE3585 /* CopiedMacApp.swift in Sources */,
				8D03DD120B7D7E5D83463DD3 /* GlobalHotkeyManager.swift in Sources */,
				979E1F22BA6D8BF0A429A471 /* MainWindowView.swift in Sources */,
				724F5BAC96D1EE37B5585B5E /* PermissionManager.swift in Sources */,
				6D0CE241A0BD4D6130F207B9 /* PopoverClippingCard.swift in Sources */,
				BBACAFF88EF2EF058D96CBF7 /* PopoverView.swift in Sources */,
				7C4AB7E0EDA52B1D93EB04C2 /* PurchaseManager.swift in Sources */,
				E2F5BEF8FDE389B570B84C6A /* SettingsView.swift in Sources */,
				24B456A53173354F4798AF53 /* SettingsWindowController.swift in Sources */,
				DD265A8A1086BACBC893AAF5 /* StatusBarController.swift in Sources */,
			);
			runOnlyForDeploymentPostprocessing = 0;
		};
		97967876A32D0D9A90D6CB3E /* Sources */ = {
			isa = PBXSourcesBuildPhase;
			buildActionMask = 2147483647;
			files = (
				8A19023873943BB97C5EAC15 /* ClipListTests.swift in Sources */,
				6F5FBDADECD0B882EBB0DB43 /* ClipboardServiceTests.swift in Sources */,
				046575326421682114D85DCB /* ClippingModelTests.swift in Sources */,
				385697753C3F1DA87A70ADC3 /* PasteQueueTests.swift in Sources */,
				4FA451349386A2EBB6B54D97 /* QATests.swift in Sources */,
			);
			runOnlyForDeploymentPostprocessing = 0;
		};
		C14B401CD017F999118723A4 /* Sources */ = {
			isa = PBXSourcesBuildPhase;
			buildActionMask = 2147483647;
			files = (
				47DAD276C2EC5039E09C03AB /* CopiedIOSApp.swift in Sources */,
				1ADBD9AE0A2552057FB41CA1 /* IOSContentView.swift in Sources */,
			);
			runOnlyForDeploymentPostprocessing = 0;
		};
/* End PBXSourcesBuildPhase section */

/* Begin PBXTargetDependency section */
		B0735B6A8695FB83B8ECC685 /* PBXTargetDependency */ = {
			isa = PBXTargetDependency;
			target = 67CF2DC485C5993966B494D7 /* CopiedMac */;
			targetProxy = CF36863D5FD19CC7E69F4303 /* PBXContainerItemProxy */;
		};
/* End PBXTargetDependency section */

/* Begin XCBuildConfiguration section */
		10B3C39315F950CFF14BBCBA /* Release */ = {
			isa = XCBuildConfiguration;
			buildSettings = {
				ASSETCATALOG_COMPILER_APPICON_NAME = AppIcon;
				CODE_SIGN_ENTITLEMENTS = CopiedIOS/CopiedIOS.entitlements;
				CODE_SIGN_IDENTITY = "iPhone Developer";
				GENERATE_INFOPLIST_FILE = YES;
				INFOPLIST_KEY_CFBundleDisplayName = Copied;
				INFOPLIST_KEY_UILaunchScreen_Generation = YES;
				INFOPLIST_KEY_UISupportedInterfaceOrientations = "UIInterfaceOrientationPortrait UIInterfaceOrientationLandscapeLeft UIInterfaceOrientationLandscapeRight";
				IPHONEOS_DEPLOYMENT_TARGET = 18.0;
				LD_RUNPATH_SEARCH_PATHS = (
					"$(inherited)",
					"@executable_path/Frameworks",
				);
				PRODUCT_BUNDLE_IDENTIFIER = com.mlong.copied;
				PRODUCT_NAME = Copied;
				SDKROOT = iphoneos;
				SWIFT_EMIT_LOC_STRINGS = YES;
				TARGETED_DEVICE_FAMILY = "1,2";
			};
			name = Release;
		};
		338B8DFE4872487299595E26 /* Debug */ = {
			isa = XCBuildConfiguration;
			buildSettings = {
				ALWAYS_SEARCH_USER_PATHS = NO;
				CLANG_ANALYZER_NONNULL = YES;
				CLANG_ANALYZER_NUMBER_OBJECT_CONVERSION = YES_AGGRESSIVE;
				CLANG_CXX_LANGUAGE_STANDARD = "gnu++14";
				CLANG_CXX_LIBRARY = "libc++";
				CLANG_ENABLE_MODULES = YES;
				CLANG_ENABLE_OBJC_ARC = YES;
				CLANG_ENABLE_OBJC_WEAK = YES;
				CLANG_WARN_BLOCK_CAPTURE_AUTORELEASING = YES;
				CLANG_WARN_BOOL_CONVERSION = YES;
				CLANG_WARN_COMMA = YES;
				CLANG_WARN_CONSTANT_CONVERSION = YES;
				CLANG_WARN_DEPRECATED_OBJC_IMPLEMENTATIONS = YES;
				CLANG_WARN_DIRECT_OBJC_ISA_USAGE = YES_ERROR;
				CLANG_WARN_DOCUMENTATION_COMMENTS = YES;
				CLANG_WARN_EMPTY_BODY = YES;
				CLANG_WARN_ENUM_CONVERSION = YES;
				CLANG_WARN_INFINITE_RECURSION = YES;
				CLANG_WARN_INT_CONVERSION = YES;
				CLANG_WARN_NON_LITERAL_NULL_CONVERSION = YES;
				CLANG_WARN_OBJC_IMPLICIT_RETAIN_SELF = YES;
				CLANG_WARN_OBJC_LITERAL_CONVERSION = YES;
				CLANG_WARN_OBJC_ROOT_CLASS = YES_ERROR;
				CLANG_WARN_QUOTED_INCLUDE_IN_FRAMEWORK_HEADER = YES;
				CLANG_WARN_RANGE_LOOP_ANALYSIS = YES;
				CLANG_WARN_STRICT_PROTOTYPES = YES;
				CLANG_WARN_SUSPICIOUS_MOVE = YES;
				CLANG_WARN_UNGUARDED_AVAILABILITY = YES_AGGRESSIVE;
				CLANG_WARN_UNREACHABLE_CODE = YES;
				CLANG_WARN__DUPLICATE_METHOD_MATCH = YES;
				CODE_SIGN_STYLE = Automatic;
				COPY_PHASE_STRIP = NO;
				DEBUG_INFORMATION_FORMAT = dwarf;
				DEVELOPMENT_TEAM = 7727LYTG96;
				ENABLE_HARDENED_RUNTIME = YES;
				ENABLE_STRICT_OBJC_MSGSEND = YES;
				ENABLE_TESTABILITY = YES;
				ENABLE_USER_SCRIPT_SANDBOXING = NO;
				GCC_C_LANGUAGE_STANDARD = gnu11;
				GCC_DYNAMIC_NO_PIC = NO;
				GCC_NO_COMMON_BLOCKS = YES;
				GCC_OPTIMIZATION_LEVEL = 0;
				GCC_PREPROCESSOR_DEFINITIONS = (
					"$(inherited)",
					"DEBUG=1",
				);
				GCC_WARN_64_TO_32_BIT_CONVERSION = YES;
				GCC_WARN_ABOUT_RETURN_TYPE = YES_ERROR;
				GCC_WARN_UNDECLARED_SELECTOR = YES;
				GCC_WARN_UNINITIALIZED_AUTOS = YES_AGGRESSIVE;
				GCC_WARN_UNUSED_FUNCTION = YES;
				GCC_WARN_UNUSED_VARIABLE = YES;
				IPHONEOS_DEPLOYMENT_TARGET = 18.0;
				MACOSX_DEPLOYMENT_TARGET = 15.0;
				MTL_ENABLE_DEBUG_INFO = INCLUDE_SOURCE;
				MTL_FAST_MATH = YES;
				ONLY_ACTIVE_ARCH = YES;
				PRODUCT_NAME = "$(TARGET_NAME)";
				SWIFT_ACTIVE_COMPILATION_CONDITIONS = DEBUG;
				SWIFT_OPTIMIZATION_LEVEL = "-Onone";
				SWIFT_VERSION = 6.0;
			};
			name = Debug;
		};
		4BF8E5B7DEE0A8C4E286C471 /* Release */ = {
			isa = XCBuildConfiguration;
			buildSettings = {
				BUNDLE_LOADER = "$(TEST_HOST)";
				COMBINE_HIDPI_IMAGES = YES;
				GENERATE_INFOPLIST_FILE = YES;
				LD_RUNPATH_SEARCH_PATHS = (
					"$(inherited)",
					"@executable_path/../Frameworks",
					"@loader_path/../Frameworks",
				);
				MACOSX_DEPLOYMENT_TARGET = 15.0;
				PRODUCT_BUNDLE_IDENTIFIER = com.mlong.copied.tests;
				SDKROOT = macosx;
				TEST_HOST = "$(BUILT_PRODUCTS_DIR)/Copied.app/Contents/MacOS/Copied";
			};
			name = Release;
		};
		550B12622036D7D56769FAC1 /* Debug */ = {
			isa = XCBuildConfiguration;
			buildSettings = {
				BUNDLE_LOADER = "$(TEST_HOST)";
				COMBINE_HIDPI_IMAGES = YES;
				GENERATE_INFOPLIST_FILE = YES;
				LD_RUNPATH_SEARCH_PATHS = (
					"$(inherited)",
					"@executable_path/../Frameworks",
					"@loader_path/../Frameworks",
				);
				MACOSX_DEPLOYMENT_TARGET = 15.0;
				PRODUCT_BUNDLE_IDENTIFIER = com.mlong.copied.tests;
				SDKROOT = macosx;
				TEST_HOST = "$(BUILT_PRODUCTS_DIR)/Copied.app/Contents/MacOS/Copied";
			};
			name = Debug;
		};
		73ECD8A7ED06EB07F99770B3 /* Debug */ = {
			isa = XCBuildConfiguration;
			buildSettings = {
				ASSETCATALOG_COMPILER_APPICON_NAME = AppIcon;
				CODE_SIGN_ENTITLEMENTS = CopiedIOS/CopiedIOS.entitlements;
				CODE_SIGN_IDENTITY = "iPhone Developer";
				GENERATE_INFOPLIST_FILE = YES;
				INFOPLIST_KEY_CFBundleDisplayName = Copied;
				INFOPLIST_KEY_UILaunchScreen_Generation = YES;
				INFOPLIST_KEY_UISupportedInterfaceOrientations = "UIInterfaceOrientationPortrait UIInterfaceOrientationLandscapeLeft UIInterfaceOrientationLandscapeRight";
				IPHONEOS_DEPLOYMENT_TARGET = 18.0;
				LD_RUNPATH_SEARCH_PATHS = (
					"$(inherited)",
					"@executable_path/Frameworks",
				);
				PRODUCT_BUNDLE_IDENTIFIER = com.mlong.copied;
				PRODUCT_NAME = Copied;
				SDKROOT = iphoneos;
				SWIFT_EMIT_LOC_STRINGS = YES;
				TARGETED_DEVICE_FAMILY = "1,2";
			};
			name = Debug;
		};
		AC5BB4030490C1A91172E967 /* Release */ = {
			isa = XCBuildConfiguration;
			buildSettings = {
				ALWAYS_SEARCH_USER_PATHS = NO;
				CLANG_ANALYZER_NONNULL = YES;
				CLANG_ANALYZER_NUMBER_OBJECT_CONVERSION = YES_AGGRESSIVE;
				CLANG_CXX_LANGUAGE_STANDARD = "gnu++14";
				CLANG_CXX_LIBRARY = "libc++";
				CLANG_ENABLE_MODULES = YES;
				CLANG_ENABLE_OBJC_ARC = YES;
				CLANG_ENABLE_OBJC_WEAK = YES;
				CLANG_WARN_BLOCK_CAPTURE_AUTORELEASING = YES;
				CLANG_WARN_BOOL_CONVERSION = YES;
				CLANG_WARN_COMMA = YES;
				CLANG_WARN_CONSTANT_CONVERSION = YES;
				CLANG_WARN_DEPRECATED_OBJC_IMPLEMENTATIONS = YES;
				CLANG_WARN_DIRECT_OBJC_ISA_USAGE = YES_ERROR;
				CLANG_WARN_DOCUMENTATION_COMMENTS = YES;
				CLANG_WARN_EMPTY_BODY = YES;
				CLANG_WARN_ENUM_CONVERSION = YES;
				CLANG_WARN_INFINITE_RECURSION = YES;
				CLANG_WARN_INT_CONVERSION = YES;
				CLANG_WARN_NON_LITERAL_NULL_CONVERSION = YES;
				CLANG_WARN_OBJC_IMPLICIT_RETAIN_SELF = YES;
				CLANG_WARN_OBJC_LITERAL_CONVERSION = YES;
				CLANG_WARN_OBJC_ROOT_CLASS = YES_ERROR;
				CLANG_WARN_QUOTED_INCLUDE_IN_FRAMEWORK_HEADER = YES;
				CLANG_WARN_RANGE_LOOP_ANALYSIS = YES;
				CLANG_WARN_STRICT_PROTOTYPES = YES;
				CLANG_WARN_SUSPICIOUS_MOVE = YES;
				CLANG_WARN_UNGUARDED_AVAILABILITY = YES_AGGRESSIVE;
				CLANG_WARN_UNREACHABLE_CODE = YES;
				CLANG_WARN__DUPLICATE_METHOD_MATCH = YES;
				CODE_SIGN_STYLE = Automatic;
				COPY_PHASE_STRIP = NO;
				DEBUG_INFORMATION_FORMAT = "dwarf-with-dsym";
				DEVELOPMENT_TEAM = 7727LYTG96;
				ENABLE_HARDENED_RUNTIME = YES;
				ENABLE_NS_ASSERTIONS = NO;
				ENABLE_STRICT_OBJC_MSGSEND = YES;
				ENABLE_USER_SCRIPT_SANDBOXING = NO;
				GCC_C_LANGUAGE_STANDARD = gnu11;
				GCC_NO_COMMON_BLOCKS = YES;
				GCC_WARN_64_TO_32_BIT_CONVERSION = YES;
				GCC_WARN_ABOUT_RETURN_TYPE = YES_ERROR;
				GCC_WARN_UNDECLARED_SELECTOR = YES;
				GCC_WARN_UNINITIALIZED_AUTOS = YES_AGGRESSIVE;
				GCC_WARN_UNUSED_FUNCTION = YES;
				GCC_WARN_UNUSED_VARIABLE = YES;
				IPHONEOS_DEPLOYMENT_TARGET = 18.0;
				MACOSX_DEPLOYMENT_TARGET = 15.0;
				MTL_ENABLE_DEBUG_INFO = NO;
				MTL_FAST_MATH = YES;
				PRODUCT_NAME = "$(TARGET_NAME)";
				SWIFT_COMPILATION_MODE = wholemodule;
				SWIFT_OPTIMIZATION_LEVEL = "-O";
				SWIFT_VERSION = 6.0;
			};
			name = Release;
		};
		AE779F7EB2B554CC32891776 /* Debug */ = {
			isa = XCBuildConfiguration;
			buildSettings = {
				ASSETCATALOG_COMPILER_APPICON_NAME = AppIcon;
				CODE_SIGN_ENTITLEMENTS = CopiedMac/CopiedMac.entitlements;
				COMBINE_HIDPI_IMAGES = YES;
				CURRENT_PROJECT_VERSION = 9;
				INFOPLIST_FILE = CopiedMac/Info.plist;
				LD_RUNPATH_SEARCH_PATHS = (
					"$(inherited)",
					"@executable_path/../Frameworks",
				);
				MACOSX_DEPLOYMENT_TARGET = 15.0;
				MARKETING_VERSION = 1.2.0;
				PRODUCT_BUNDLE_IDENTIFIER = com.mlong.copied.mac;
				PRODUCT_NAME = Copied;
				SDKROOT = macosx;
				SWIFT_ACTIVE_COMPILATION_CONDITIONS = "DEBUG MAS_BUILD MAS_STOREFRONT";
				SWIFT_EMIT_LOC_STRINGS = YES;
			};
			name = Debug;
		};
		E4CD149609B9530C1ED99181 /* Release */ = {
			isa = XCBuildConfiguration;
			buildSettings = {
				ASSETCATALOG_COMPILER_APPICON_NAME = AppIcon;
				CODE_SIGN_ENTITLEMENTS = CopiedMac/CopiedMac.entitlements;
				COMBINE_HIDPI_IMAGES = YES;
				CURRENT_PROJECT_VERSION = 9;
				INFOPLIST_FILE = CopiedMac/Info.plist;
				LD_RUNPATH_SEARCH_PATHS = (
					"$(inherited)",
					"@executable_path/../Frameworks",
				);
				MACOSX_DEPLOYMENT_TARGET = 15.0;
				MARKETING_VERSION = 1.2.0;
				PRODUCT_BUNDLE_IDENTIFIER = com.mlong.copied.mac;
				PRODUCT_NAME = Copied;
				SDKROOT = macosx;
				SWIFT_ACTIVE_COMPILATION_CONDITIONS = "MAS_BUILD MAS_STOREFRONT";
				SWIFT_EMIT_LOC_STRINGS = YES;
			};
			name = Release;
		};
/* End XCBuildConfiguration section */

/* Begin XCConfigurationList section */
		290A668B82DB972483C72D49 /* Build configuration list for PBXNativeTarget "CopiedIOS" */ = {
			isa = XCConfigurationList;
			buildConfigurations = (
				73ECD8A7ED06EB07F99770B3 /* Debug */,
				10B3C39315F950CFF14BBCBA /* Release */,
			);
			defaultConfigurationIsVisible = 0;
			defaultConfigurationName = Debug;
		};
		6DD18AA0E99AB5B47C1C5588 /* Build configuration list for PBXNativeTarget "CopiedMac" */ = {
			isa = XCConfigurationList;
			buildConfigurations = (
				AE779F7EB2B554CC32891776 /* Debug */,
				E4CD149609B9530C1ED99181 /* Release */,
			);
			defaultConfigurationIsVisible = 0;
			defaultConfigurationName = Debug;
		};
		B031D99369DFD42428FBD434 /* Build configuration list for PBXNativeTarget "CopiedKitTests" */ = {
			isa = XCConfigurationList;
			buildConfigurations = (
				550B12622036D7D56769FAC1 /* Debug */,
				4BF8E5B7DEE0A8C4E286C471 /* Release */,
			);
			defaultConfigurationIsVisible = 0;
			defaultConfigurationName = Debug;
		};
		F9761600A420526D57D095F1 /* Build configuration list for PBXProject "Copied" */ = {
			isa = XCConfigurationList;
			buildConfigurations = (
				338B8DFE4872487299595E26 /* Debug */,
				AC5BB4030490C1A91172E967 /* Release */,
			);
			defaultConfigurationIsVisible = 0;
			defaultConfigurationName = Debug;
		};
/* End XCConfigurationList section */

/* Begin XCLocalSwiftPackageReference section */
		97C1CF0CECB6DE55106DCE31 /* XCLocalSwiftPackageReference "CopiedKit" */ = {
			isa = XCLocalSwiftPackageReference;
			relativePath = CopiedKit;
		};
/* End XCLocalSwiftPackageReference section */

/* Begin XCSwiftPackageProductDependency section */
		12BA8D72684F91B1163A3BF6 /* CopiedKit */ = {
			isa = XCSwiftPackageProductDependency;
			productName = CopiedKit;
		};
		C8685AAFE499AE75FFFF857C /* CopiedKit */ = {
			isa = XCSwiftPackageProductDependency;
			productName = CopiedKit;
		};
		F7BAF822866372C0A8E61D86 /* CopiedKit */ = {
			isa = XCSwiftPackageProductDependency;
			productName = CopiedKit;
		};
/* End XCSwiftPackageProductDependency section */
	};
	rootObject = 7C10DC7FAC57C33860C4B846 /* Project object */;
}
